// !$*UTF8*$!
{
	archiveVersion = 1;
	classes = {
	};
	objectVersion = 46;
	objects = {

/* Begin PBXAggregateTarget section */
		501D5EEF1ACD3C9900E61680 /* Lipo */ = {
			isa = PBXAggregateTarget;
			buildConfigurationList = 501D5EF01ACD3C9900E61680 /* Build configuration list for PBXAggregateTarget "Lipo" */;
			buildPhases = (
				501D5EF31ACD3CA300E61680 /* ShellScript */,
			);
			dependencies = (
				501D5EF51ACD3CB600E61680 /* PBXTargetDependency */,
			);
			name = Lipo;
			productName = Lipo;
		};
/* End PBXAggregateTarget section */

/* Begin PBXBuildFile section */
		50046AC81AC2FAB000F23D05 /* PPOReachability.h in Headers */ = {isa = PBXBuildFile; fileRef = 50046AC61AC2FAB000F23D05 /* PPOReachability.h */; };
		50046AC91AC2FAB000F23D05 /* PPOReachability.m in Sources */ = {isa = PBXBuildFile; fileRef = 50046AC71AC2FAB000F23D05 /* PPOReachability.m */; };
		50046ACE1AC2FB0400F23D05 /* PPOLuhn.h in Headers */ = {isa = PBXBuildFile; fileRef = 50046ACB1AC2FB0400F23D05 /* PPOLuhn.h */; settings = {ATTRIBUTES = (Public, ); }; };
		50046ACF1AC2FB0400F23D05 /* PPOLuhn.m in Sources */ = {isa = PBXBuildFile; fileRef = 50046ACC1AC2FB0400F23D05 /* PPOLuhn.m */; };
		50046AD01AC2FB0400F23D05 /* PPOLuhnReadMe in Resources */ = {isa = PBXBuildFile; fileRef = 50046ACD1AC2FB0400F23D05 /* PPOLuhnReadMe */; };
		501B7CBF1AC40B3000F44193 /* PPOWebViewController.h in Headers */ = {isa = PBXBuildFile; fileRef = 501B7CBC1AC40B3000F44193 /* PPOWebViewController.h */; };
		501B7CC01AC40B3000F44193 /* PPOWebViewController.m in Sources */ = {isa = PBXBuildFile; fileRef = 501B7CBD1AC40B3000F44193 /* PPOWebViewController.m */; };
		501B7CC31AC40B5600F44193 /* PPOWebViewController.xib in Resources */ = {isa = PBXBuildFile; fileRef = 501B7CBE1AC40B3000F44193 /* PPOWebViewController.xib */; };
		501C8E621AC01CD200CBA25A /* PPOTableViewCell.h in Headers */ = {isa = PBXBuildFile; fileRef = 501C8E601AC01CD200CBA25A /* PPOTableViewCell.h */; };
		501C8E631AC01CD200CBA25A /* PPOTableViewCell.m in Sources */ = {isa = PBXBuildFile; fileRef = 501C8E611AC01CD200CBA25A /* PPOTableViewCell.m */; };
		501C8E871AC03F7000CBA25A /* PaypointSDKBundle.bundle in Resources */ = {isa = PBXBuildFile; fileRef = 501C8E761AC03B9D00CBA25A /* PaypointSDKBundle.bundle */; };
		5069F6581ABC7DA30077FB10 /* main.m in Sources */ = {isa = PBXBuildFile; fileRef = 5069F6571ABC7DA30077FB10 /* main.m */; };
		5069F65B1ABC7DA30077FB10 /* AppDelegate.m in Sources */ = {isa = PBXBuildFile; fileRef = 5069F65A1ABC7DA30077FB10 /* AppDelegate.m */; };
		5069F6611ABC7DA30077FB10 /* Main.storyboard in Resources */ = {isa = PBXBuildFile; fileRef = 5069F65F1ABC7DA30077FB10 /* Main.storyboard */; };
		5069F6631ABC7DA30077FB10 /* Images.xcassets in Resources */ = {isa = PBXBuildFile; fileRef = 5069F6621ABC7DA30077FB10 /* Images.xcassets */; };
		5069F6661ABC7DA30077FB10 /* LaunchScreen.xib in Resources */ = {isa = PBXBuildFile; fileRef = 5069F6641ABC7DA30077FB10 /* LaunchScreen.xib */; };
		5069F6851ABC7EBA0077FB10 /* PaypointSDK.h in Headers */ = {isa = PBXBuildFile; fileRef = 5069F6841ABC7EBA0077FB10 /* PaypointSDK.h */; settings = {ATTRIBUTES = (Public, ); }; };
		5069F68B1ABC7EBA0077FB10 /* PaypointSDK.framework in Frameworks */ = {isa = PBXBuildFile; fileRef = 5069F6801ABC7EBA0077FB10 /* PaypointSDK.framework */; };
		5069F6941ABC7EBA0077FB10 /* PaypointSDKTests.m in Sources */ = {isa = PBXBuildFile; fileRef = 5069F6931ABC7EBA0077FB10 /* PaypointSDKTests.m */; };
		5069F6971ABC7EBA0077FB10 /* PaypointSDK.framework in Frameworks */ = {isa = PBXBuildFile; fileRef = 5069F6801ABC7EBA0077FB10 /* PaypointSDK.framework */; };
		5069F6981ABC7EBA0077FB10 /* PaypointSDK.framework in Embed Frameworks */ = {isa = PBXBuildFile; fileRef = 5069F6801ABC7EBA0077FB10 /* PaypointSDK.framework */; settings = {ATTRIBUTES = (CodeSignOnCopy, RemoveHeadersOnCopy, ); }; };
		50AB96C41AC16BE200323E05 /* PPOPaymentControllerProtocol.h in Headers */ = {isa = PBXBuildFile; fileRef = 50AB96C31AC16BE200323E05 /* PPOPaymentControllerProtocol.h */; };
		50AB96D81AC1D38E00323E05 /* Reachability.m in Sources */ = {isa = PBXBuildFile; fileRef = 50AB96D71AC1D38E00323E05 /* Reachability.m */; };
		50CC9AF21AD41E0100B97F2E /* PPOEndpointManager.h in Headers */ = {isa = PBXBuildFile; fileRef = 50CC9AF01AD41E0100B97F2E /* PPOEndpointManager.h */; };
		50CC9AF31AD41E0100B97F2E /* PPOEndpointManager.m in Sources */ = {isa = PBXBuildFile; fileRef = 50CC9AF11AD41E0100B97F2E /* PPOEndpointManager.m */; };
		50CC9AF71AD41ED300B97F2E /* PPOPaymentManager.h in Headers */ = {isa = PBXBuildFile; fileRef = 50CC9AF51AD41ED300B97F2E /* PPOPaymentManager.h */; settings = {ATTRIBUTES = (Public, ); }; };
		50CC9AF81AD41ED300B97F2E /* PPOPaymentManager.m in Sources */ = {isa = PBXBuildFile; fileRef = 50CC9AF61AD41ED300B97F2E /* PPOPaymentManager.m */; };
		50CC9AFC1AD4237F00B97F2E /* PPOCreditCard.h in Headers */ = {isa = PBXBuildFile; fileRef = 50CC9AFA1AD4237F00B97F2E /* PPOCreditCard.h */; settings = {ATTRIBUTES = (Public, ); }; };
		50CC9AFD1AD4237F00B97F2E /* PPOCreditCard.m in Sources */ = {isa = PBXBuildFile; fileRef = 50CC9AFB1AD4237F00B97F2E /* PPOCreditCard.m */; };
		50CC9B011AD4289300B97F2E /* PPOCredentials.h in Headers */ = {isa = PBXBuildFile; fileRef = 50CC9AFF1AD4289300B97F2E /* PPOCredentials.h */; settings = {ATTRIBUTES = (Public, ); }; };
		50CC9B021AD4289300B97F2E /* PPOCredentials.m in Sources */ = {isa = PBXBuildFile; fileRef = 50CC9B001AD4289300B97F2E /* PPOCredentials.m */; };
		50CC9B061AD42B7500B97F2E /* PPOTransaction.h in Headers */ = {isa = PBXBuildFile; fileRef = 50CC9B041AD42B7500B97F2E /* PPOTransaction.h */; settings = {ATTRIBUTES = (Public, ); }; };
		50CC9B071AD42B7500B97F2E /* PPOTransaction.m in Sources */ = {isa = PBXBuildFile; fileRef = 50CC9B051AD42B7500B97F2E /* PPOTransaction.m */; };
		50CC9B0B1AD42CE800B97F2E /* PPOBillingAddress.h in Headers */ = {isa = PBXBuildFile; fileRef = 50CC9B091AD42CE800B97F2E /* PPOBillingAddress.h */; settings = {ATTRIBUTES = (Public, ); }; };
		50CC9B0C1AD42CE800B97F2E /* PPOBillingAddress.m in Sources */ = {isa = PBXBuildFile; fileRef = 50CC9B0A1AD42CE800B97F2E /* PPOBillingAddress.m */; };
		50CC9B101AD43B7600B97F2E /* FormViewController.m in Sources */ = {isa = PBXBuildFile; fileRef = 50CC9B0F1AD43B7600B97F2E /* FormViewController.m */; };
		50CC9B141AD43C3E00B97F2E /* FormDetails.m in Sources */ = {isa = PBXBuildFile; fileRef = 50CC9B131AD43C3E00B97F2E /* FormDetails.m */; };
		50CC9B191AD43E2200B97F2E /* TimeManager.m in Sources */ = {isa = PBXBuildFile; fileRef = 50CC9B181AD43E2200B97F2E /* TimeManager.m */; };
/* End PBXBuildFile section */

/* Begin PBXContainerItemProxy section */
		501C8E841AC03D7100CBA25A /* PBXContainerItemProxy */ = {
			isa = PBXContainerItemProxy;
			containerPortal = 5069F64A1ABC7DA30077FB10 /* Project object */;
			proxyType = 1;
			remoteGlobalIDString = 501C8E751AC03B9D00CBA25A;
			remoteInfo = PaypointSDKBundle;
		};
		501D5EF41ACD3CB600E61680 /* PBXContainerItemProxy */ = {
			isa = PBXContainerItemProxy;
			containerPortal = 5069F64A1ABC7DA30077FB10 /* Project object */;
			proxyType = 1;
			remoteGlobalIDString = 5069F67F1ABC7EBA0077FB10;
			remoteInfo = PaypointSDK;
		};
		5069F68C1ABC7EBA0077FB10 /* PBXContainerItemProxy */ = {
			isa = PBXContainerItemProxy;
			containerPortal = 5069F64A1ABC7DA30077FB10 /* Project object */;
			proxyType = 1;
			remoteGlobalIDString = 5069F67F1ABC7EBA0077FB10;
			remoteInfo = PaypointSDK;
		};
		5069F68E1ABC7EBA0077FB10 /* PBXContainerItemProxy */ = {
			isa = PBXContainerItemProxy;
			containerPortal = 5069F64A1ABC7DA30077FB10 /* Project object */;
			proxyType = 1;
			remoteGlobalIDString = 5069F6511ABC7DA30077FB10;
			remoteInfo = Paypoint;
		};
		5069F6951ABC7EBA0077FB10 /* PBXContainerItemProxy */ = {
			isa = PBXContainerItemProxy;
			containerPortal = 5069F64A1ABC7DA30077FB10 /* Project object */;
			proxyType = 1;
			remoteGlobalIDString = 5069F67F1ABC7EBA0077FB10;
			remoteInfo = PaypointSDK;
		};
/* End PBXContainerItemProxy section */

/* Begin PBXCopyFilesBuildPhase section */
		5069F69E1ABC7EBA0077FB10 /* Embed Frameworks */ = {
			isa = PBXCopyFilesBuildPhase;
			buildActionMask = 2147483647;
			dstPath = "";
			dstSubfolderSpec = 10;
			files = (
				5069F6981ABC7EBA0077FB10 /* PaypointSDK.framework in Embed Frameworks */,
			);
			name = "Embed Frameworks";
			runOnlyForDeploymentPostprocessing = 0;
		};
/* End PBXCopyFilesBuildPhase section */

/* Begin PBXFileReference section */
		50046AC61AC2FAB000F23D05 /* PPOReachability.h */ = {isa = PBXFileReference; fileEncoding = 4; lastKnownFileType = sourcecode.c.h; path = PPOReachability.h; sourceTree = "<group>"; };
		50046AC71AC2FAB000F23D05 /* PPOReachability.m */ = {isa = PBXFileReference; fileEncoding = 4; lastKnownFileType = sourcecode.c.objc; path = PPOReachability.m; sourceTree = "<group>"; };
		50046ACB1AC2FB0400F23D05 /* PPOLuhn.h */ = {isa = PBXFileReference; fileEncoding = 4; lastKnownFileType = sourcecode.c.h; path = PPOLuhn.h; sourceTree = "<group>"; };
		50046ACC1AC2FB0400F23D05 /* PPOLuhn.m */ = {isa = PBXFileReference; fileEncoding = 4; lastKnownFileType = sourcecode.c.objc; path = PPOLuhn.m; sourceTree = "<group>"; };
		50046ACD1AC2FB0400F23D05 /* PPOLuhnReadMe */ = {isa = PBXFileReference; fileEncoding = 4; lastKnownFileType = text; path = PPOLuhnReadMe; sourceTree = "<group>"; };
		501B7CBC1AC40B3000F44193 /* PPOWebViewController.h */ = {isa = PBXFileReference; fileEncoding = 4; lastKnownFileType = sourcecode.c.h; path = PPOWebViewController.h; sourceTree = "<group>"; };
		501B7CBD1AC40B3000F44193 /* PPOWebViewController.m */ = {isa = PBXFileReference; fileEncoding = 4; lastKnownFileType = sourcecode.c.objc; path = PPOWebViewController.m; sourceTree = "<group>"; };
		501B7CBE1AC40B3000F44193 /* PPOWebViewController.xib */ = {isa = PBXFileReference; fileEncoding = 4; lastKnownFileType = file.xib; path = PPOWebViewController.xib; sourceTree = "<group>"; };
		501C8E601AC01CD200CBA25A /* PPOTableViewCell.h */ = {isa = PBXFileReference; fileEncoding = 4; lastKnownFileType = sourcecode.c.h; path = PPOTableViewCell.h; sourceTree = "<group>"; };
		501C8E611AC01CD200CBA25A /* PPOTableViewCell.m */ = {isa = PBXFileReference; fileEncoding = 4; lastKnownFileType = sourcecode.c.objc; path = PPOTableViewCell.m; sourceTree = "<group>"; };
		501C8E761AC03B9D00CBA25A /* PaypointSDKBundle.bundle */ = {isa = PBXFileReference; explicitFileType = wrapper.cfbundle; includeInIndex = 0; path = PaypointSDKBundle.bundle; sourceTree = BUILT_PRODUCTS_DIR; };
		501C8E791AC03B9D00CBA25A /* Info.plist */ = {isa = PBXFileReference; lastKnownFileType = text.plist.xml; path = Info.plist; sourceTree = "<group>"; };
		501D5EFE1ACD49A000E61680 /* UniversalFramework.sh */ = {isa = PBXFileReference; fileEncoding = 4; lastKnownFileType = text.script.sh; name = UniversalFramework.sh; path = ../Lipo/UniversalFramework.sh; sourceTree = "<group>"; };
		5069F6521ABC7DA30077FB10 /* Paypoint.app */ = {isa = PBXFileReference; explicitFileType = wrapper.application; includeInIndex = 0; path = Paypoint.app; sourceTree = BUILT_PRODUCTS_DIR; };
		5069F6561ABC7DA30077FB10 /* Info.plist */ = {isa = PBXFileReference; lastKnownFileType = text.plist.xml; path = Info.plist; sourceTree = "<group>"; };
		5069F6571ABC7DA30077FB10 /* main.m */ = {isa = PBXFileReference; lastKnownFileType = sourcecode.c.objc; path = main.m; sourceTree = "<group>"; };
		5069F6591ABC7DA30077FB10 /* AppDelegate.h */ = {isa = PBXFileReference; lastKnownFileType = sourcecode.c.h; path = AppDelegate.h; sourceTree = "<group>"; };
		5069F65A1ABC7DA30077FB10 /* AppDelegate.m */ = {isa = PBXFileReference; lastKnownFileType = sourcecode.c.objc; path = AppDelegate.m; sourceTree = "<group>"; };
		5069F6601ABC7DA30077FB10 /* Base */ = {isa = PBXFileReference; lastKnownFileType = file.storyboard; name = Base; path = Base.lproj/Main.storyboard; sourceTree = "<group>"; };
		5069F6621ABC7DA30077FB10 /* Images.xcassets */ = {isa = PBXFileReference; lastKnownFileType = folder.assetcatalog; path = Images.xcassets; sourceTree = "<group>"; };
		5069F6651ABC7DA30077FB10 /* Base */ = {isa = PBXFileReference; lastKnownFileType = file.xib; name = Base; path = Base.lproj/LaunchScreen.xib; sourceTree = "<group>"; };
		5069F6801ABC7EBA0077FB10 /* PaypointSDK.framework */ = {isa = PBXFileReference; explicitFileType = wrapper.framework; includeInIndex = 0; path = PaypointSDK.framework; sourceTree = BUILT_PRODUCTS_DIR; };
		5069F6831ABC7EBA0077FB10 /* Info.plist */ = {isa = PBXFileReference; lastKnownFileType = text.plist.xml; path = Info.plist; sourceTree = "<group>"; };
		5069F6841ABC7EBA0077FB10 /* PaypointSDK.h */ = {isa = PBXFileReference; lastKnownFileType = sourcecode.c.h; path = PaypointSDK.h; sourceTree = "<group>"; };
		5069F68A1ABC7EBA0077FB10 /* PaypointSDKTests.xctest */ = {isa = PBXFileReference; explicitFileType = wrapper.cfbundle; includeInIndex = 0; path = PaypointSDKTests.xctest; sourceTree = BUILT_PRODUCTS_DIR; };
		5069F6921ABC7EBA0077FB10 /* Info.plist */ = {isa = PBXFileReference; lastKnownFileType = text.plist.xml; path = Info.plist; sourceTree = "<group>"; };
		5069F6931ABC7EBA0077FB10 /* PaypointSDKTests.m */ = {isa = PBXFileReference; lastKnownFileType = sourcecode.c.objc; path = PaypointSDKTests.m; sourceTree = "<group>"; };
		50AB96C31AC16BE200323E05 /* PPOPaymentControllerProtocol.h */ = {isa = PBXFileReference; fileEncoding = 4; lastKnownFileType = sourcecode.c.h; path = PPOPaymentControllerProtocol.h; sourceTree = "<group>"; };
		50AB96D61AC1D38E00323E05 /* Reachability.h */ = {isa = PBXFileReference; fileEncoding = 4; lastKnownFileType = sourcecode.c.h; path = Reachability.h; sourceTree = "<group>"; };
		50AB96D71AC1D38E00323E05 /* Reachability.m */ = {isa = PBXFileReference; fileEncoding = 4; lastKnownFileType = sourcecode.c.objc; path = Reachability.m; sourceTree = "<group>"; };
		50CC9AF01AD41E0100B97F2E /* PPOEndpointManager.h */ = {isa = PBXFileReference; fileEncoding = 4; lastKnownFileType = sourcecode.c.h; path = PPOEndpointManager.h; sourceTree = "<group>"; };
		50CC9AF11AD41E0100B97F2E /* PPOEndpointManager.m */ = {isa = PBXFileReference; fileEncoding = 4; lastKnownFileType = sourcecode.c.objc; path = PPOEndpointManager.m; sourceTree = "<group>"; };
		50CC9AF51AD41ED300B97F2E /* PPOPaymentManager.h */ = {isa = PBXFileReference; fileEncoding = 4; lastKnownFileType = sourcecode.c.h; path = PPOPaymentManager.h; sourceTree = "<group>"; };
		50CC9AF61AD41ED300B97F2E /* PPOPaymentManager.m */ = {isa = PBXFileReference; fileEncoding = 4; lastKnownFileType = sourcecode.c.objc; path = PPOPaymentManager.m; sourceTree = "<group>"; };
		50CC9AFA1AD4237F00B97F2E /* PPOCreditCard.h */ = {isa = PBXFileReference; fileEncoding = 4; lastKnownFileType = sourcecode.c.h; path = PPOCreditCard.h; sourceTree = "<group>"; };
		50CC9AFB1AD4237F00B97F2E /* PPOCreditCard.m */ = {isa = PBXFileReference; fileEncoding = 4; lastKnownFileType = sourcecode.c.objc; path = PPOCreditCard.m; sourceTree = "<group>"; };
		50CC9AFF1AD4289300B97F2E /* PPOCredentials.h */ = {isa = PBXFileReference; fileEncoding = 4; lastKnownFileType = sourcecode.c.h; path = PPOCredentials.h; sourceTree = "<group>"; };
		50CC9B001AD4289300B97F2E /* PPOCredentials.m */ = {isa = PBXFileReference; fileEncoding = 4; lastKnownFileType = sourcecode.c.objc; path = PPOCredentials.m; sourceTree = "<group>"; };
		50CC9B041AD42B7500B97F2E /* PPOTransaction.h */ = {isa = PBXFileReference; fileEncoding = 4; lastKnownFileType = sourcecode.c.h; path = PPOTransaction.h; sourceTree = "<group>"; };
		50CC9B051AD42B7500B97F2E /* PPOTransaction.m */ = {isa = PBXFileReference; fileEncoding = 4; lastKnownFileType = sourcecode.c.objc; path = PPOTransaction.m; sourceTree = "<group>"; };
		50CC9B091AD42CE800B97F2E /* PPOBillingAddress.h */ = {isa = PBXFileReference; fileEncoding = 4; lastKnownFileType = sourcecode.c.h; path = PPOBillingAddress.h; sourceTree = "<group>"; };
		50CC9B0A1AD42CE800B97F2E /* PPOBillingAddress.m */ = {isa = PBXFileReference; fileEncoding = 4; lastKnownFileType = sourcecode.c.objc; path = PPOBillingAddress.m; sourceTree = "<group>"; };
		50CC9B0E1AD43B7600B97F2E /* FormViewController.h */ = {isa = PBXFileReference; fileEncoding = 4; lastKnownFileType = sourcecode.c.h; path = FormViewController.h; sourceTree = "<group>"; };
		50CC9B0F1AD43B7600B97F2E /* FormViewController.m */ = {isa = PBXFileReference; fileEncoding = 4; lastKnownFileType = sourcecode.c.objc; path = FormViewController.m; sourceTree = "<group>"; };
		50CC9B121AD43C3E00B97F2E /* FormDetails.h */ = {isa = PBXFileReference; fileEncoding = 4; lastKnownFileType = sourcecode.c.h; path = FormDetails.h; sourceTree = "<group>"; };
		50CC9B131AD43C3E00B97F2E /* FormDetails.m */ = {isa = PBXFileReference; fileEncoding = 4; lastKnownFileType = sourcecode.c.objc; path = FormDetails.m; sourceTree = "<group>"; };
		50CC9B171AD43E2200B97F2E /* TimeManager.h */ = {isa = PBXFileReference; fileEncoding = 4; lastKnownFileType = sourcecode.c.h; path = TimeManager.h; sourceTree = "<group>"; };
		50CC9B181AD43E2200B97F2E /* TimeManager.m */ = {isa = PBXFileReference; fileEncoding = 4; lastKnownFileType = sourcecode.c.objc; path = TimeManager.m; sourceTree = "<group>"; };
/* End PBXFileReference section */

/* Begin PBXFrameworksBuildPhase section */
		501C8E731AC03B9D00CBA25A /* Frameworks */ = {
			isa = PBXFrameworksBuildPhase;
			buildActionMask = 2147483647;
			files = (
			);
			runOnlyForDeploymentPostprocessing = 0;
		};
		5069F64F1ABC7DA30077FB10 /* Frameworks */ = {
			isa = PBXFrameworksBuildPhase;
			buildActionMask = 2147483647;
			files = (
				5069F6971ABC7EBA0077FB10 /* PaypointSDK.framework in Frameworks */,
			);
			runOnlyForDeploymentPostprocessing = 0;
		};
		5069F67C1ABC7EBA0077FB10 /* Frameworks */ = {
			isa = PBXFrameworksBuildPhase;
			buildActionMask = 2147483647;
			files = (
			);
			runOnlyForDeploymentPostprocessing = 0;
		};
		5069F6871ABC7EBA0077FB10 /* Frameworks */ = {
			isa = PBXFrameworksBuildPhase;
			buildActionMask = 2147483647;
			files = (
				5069F68B1ABC7EBA0077FB10 /* PaypointSDK.framework in Frameworks */,
			);
			runOnlyForDeploymentPostprocessing = 0;
		};
/* End PBXFrameworksBuildPhase section */

/* Begin PBXGroup section */
		50046ACA1AC2FAB500F23D05 /* PPOReachability */ = {
			isa = PBXGroup;
			children = (
				50046AC61AC2FAB000F23D05 /* PPOReachability.h */,
				50046AC71AC2FAB000F23D05 /* PPOReachability.m */,
			);
			name = PPOReachability;
			sourceTree = "<group>";
		};
		501B7CC21AC40B3300F44193 /* PPOWebViewController */ = {
			isa = PBXGroup;
			children = (
				501B7CBC1AC40B3000F44193 /* PPOWebViewController.h */,
				501B7CBD1AC40B3000F44193 /* PPOWebViewController.m */,
			);
			name = PPOWebViewController;
			sourceTree = "<group>";
		};
		501C8E531AC0185F00CBA25A /* AppDelegate */ = {
			isa = PBXGroup;
			children = (
				5069F6591ABC7DA30077FB10 /* AppDelegate.h */,
				5069F65A1ABC7DA30077FB10 /* AppDelegate.m */,
			);
			name = AppDelegate;
			sourceTree = "<group>";
		};
		501C8E581AC018F600CBA25A /* ViewControllers */ = {
			isa = PBXGroup;
			children = (
				50CC9B111AD43B7A00B97F2E /* FormViewController */,
			);
			name = ViewControllers;
			sourceTree = "<group>";
		};
		501C8E5F1AC0198B00CBA25A /* ViewControllers */ = {
			isa = PBXGroup;
			children = (
				501B7CC21AC40B3300F44193 /* PPOWebViewController */,
			);
			name = ViewControllers;
			sourceTree = "<group>";
		};
		501C8E641AC01CD500CBA25A /* PPOTableViewCell */ = {
			isa = PBXGroup;
			children = (
				501C8E601AC01CD200CBA25A /* PPOTableViewCell.h */,
				501C8E611AC01CD200CBA25A /* PPOTableViewCell.m */,
			);
			name = PPOTableViewCell;
			sourceTree = "<group>";
		};
		501C8E651AC01CDB00CBA25A /* TableViewCells */ = {
			isa = PBXGroup;
			children = (
				501C8E641AC01CD500CBA25A /* PPOTableViewCell */,
			);
			name = TableViewCells;
			sourceTree = "<group>";
		};
		501C8E661AC01CE500CBA25A /* Views */ = {
			isa = PBXGroup;
			children = (
				501C8E651AC01CDB00CBA25A /* TableViewCells */,
			);
			name = Views;
			sourceTree = "<group>";
		};
		501C8E671AC01D2700CBA25A /* Managers */ = {
			isa = PBXGroup;
			children = (
				50CC9AF41AD41E0500B97F2E /* PPOEndpointManager */,
				50CC9AF91AD41ED800B97F2E /* PPOPaymentManager */,
			);
			name = Managers;
			sourceTree = "<group>";
		};
		501C8E681AC01D3400CBA25A /* Model */ = {
			isa = PBXGroup;
			children = (
				50CC9B031AD4289700B97F2E /* PPOCredentials */,
				50CC9AFE1AD4238400B97F2E /* PPOCreditCard */,
				50CC9B081AD42B7900B97F2E /* PPOTransaction */,
				50CC9B0D1AD42CEB00B97F2E /* PPOBillingAddress */,
			);
			name = Model;
			sourceTree = "<group>";
		};
		501C8E771AC03B9D00CBA25A /* PaypointSDKBundle */ = {
			isa = PBXGroup;
			children = (
				501C8E7D1AC03C5000CBA25A /* Resources */,
				501C8E781AC03B9D00CBA25A /* Supporting Files */,
			);
			path = PaypointSDKBundle;
			sourceTree = "<group>";
		};
		501C8E781AC03B9D00CBA25A /* Supporting Files */ = {
			isa = PBXGroup;
			children = (
				501C8E791AC03B9D00CBA25A /* Info.plist */,
			);
			name = "Supporting Files";
			sourceTree = "<group>";
		};
		501C8E7D1AC03C5000CBA25A /* Resources */ = {
			isa = PBXGroup;
			children = (
				501B7CBE1AC40B3000F44193 /* PPOWebViewController.xib */,
			);
			name = Resources;
			path = ../PaypointSDK;
			sourceTree = "<group>";
		};
		501D5EFF1ACD49A900E61680 /* Lipo */ = {
			isa = PBXGroup;
			children = (
				501D5EFE1ACD49A000E61680 /* UniversalFramework.sh */,
			);
			name = Lipo;
			path = PaypointSDK;
			sourceTree = "<group>";
		};
		5069F6491ABC7DA30077FB10 = {
			isa = PBXGroup;
			children = (
				5069F6541ABC7DA30077FB10 /* Paypoint */,
				5069F6811ABC7EBA0077FB10 /* PaypointSDK */,
				5069F6901ABC7EBA0077FB10 /* PaypointSDKTests */,
				501C8E771AC03B9D00CBA25A /* PaypointSDKBundle */,
				501D5EFF1ACD49A900E61680 /* Lipo */,
				5069F6531ABC7DA30077FB10 /* Products */,
			);
			sourceTree = "<group>";
		};
		5069F6531ABC7DA30077FB10 /* Products */ = {
			isa = PBXGroup;
			children = (
				5069F6521ABC7DA30077FB10 /* Paypoint.app */,
				5069F6801ABC7EBA0077FB10 /* PaypointSDK.framework */,
				5069F68A1ABC7EBA0077FB10 /* PaypointSDKTests.xctest */,
				501C8E761AC03B9D00CBA25A /* PaypointSDKBundle.bundle */,
			);
			name = Products;
			sourceTree = "<group>";
		};
		5069F6541ABC7DA30077FB10 /* Paypoint */ = {
			isa = PBXGroup;
			children = (
				5069F65F1ABC7DA30077FB10 /* Main.storyboard */,
				501C8E531AC0185F00CBA25A /* AppDelegate */,
				50AB96DA1AC1D3A200323E05 /* ThirdParty */,
				50CC9B161AD43C4700B97F2E /* Model */,
				501C8E581AC018F600CBA25A /* ViewControllers */,
				5069F6551ABC7DA30077FB10 /* Supporting Files */,
				50CC9B1B1AD43E2900B97F2E /* Managers */,
			);
			path = Paypoint;
			sourceTree = "<group>";
		};
		5069F6551ABC7DA30077FB10 /* Supporting Files */ = {
			isa = PBXGroup;
			children = (
				5069F6621ABC7DA30077FB10 /* Images.xcassets */,
				5069F6641ABC7DA30077FB10 /* LaunchScreen.xib */,
				5069F6561ABC7DA30077FB10 /* Info.plist */,
				5069F6571ABC7DA30077FB10 /* main.m */,
			);
			name = "Supporting Files";
			sourceTree = "<group>";
		};
		5069F6811ABC7EBA0077FB10 /* PaypointSDK */ = {
			isa = PBXGroup;
			children = (
				5069F6841ABC7EBA0077FB10 /* PaypointSDK.h */,
				50AB96CA1AC17C9200323E05 /* ThirdParty */,
				50AB96CD1AC1868C00323E05 /* Protocols */,
				501C8E681AC01D3400CBA25A /* Model */,
				501C8E661AC01CE500CBA25A /* Views */,
				501C8E5F1AC0198B00CBA25A /* ViewControllers */,
				501C8E671AC01D2700CBA25A /* Managers */,
				5069F6821ABC7EBA0077FB10 /* Supporting Files */,
			);
			path = PaypointSDK;
			sourceTree = "<group>";
		};
		5069F6821ABC7EBA0077FB10 /* Supporting Files */ = {
			isa = PBXGroup;
			children = (
				5069F6831ABC7EBA0077FB10 /* Info.plist */,
			);
			name = "Supporting Files";
			sourceTree = "<group>";
		};
		5069F6901ABC7EBA0077FB10 /* PaypointSDKTests */ = {
			isa = PBXGroup;
			children = (
				5069F6931ABC7EBA0077FB10 /* PaypointSDKTests.m */,
				5069F6911ABC7EBA0077FB10 /* Supporting Files */,
			);
			path = PaypointSDKTests;
			sourceTree = "<group>";
		};
		5069F6911ABC7EBA0077FB10 /* Supporting Files */ = {
			isa = PBXGroup;
			children = (
				5069F6921ABC7EBA0077FB10 /* Info.plist */,
			);
			name = "Supporting Files";
			sourceTree = "<group>";
		};
		50AB96CA1AC17C9200323E05 /* ThirdParty */ = {
			isa = PBXGroup;
			children = (
				50046ACB1AC2FB0400F23D05 /* PPOLuhn.h */,
				50046ACC1AC2FB0400F23D05 /* PPOLuhn.m */,
				50046ACD1AC2FB0400F23D05 /* PPOLuhnReadMe */,
				50046ACA1AC2FAB500F23D05 /* PPOReachability */,
			);
			name = ThirdParty;
			sourceTree = "<group>";
		};
		50AB96CD1AC1868C00323E05 /* Protocols */ = {
			isa = PBXGroup;
			children = (
				50AB96C31AC16BE200323E05 /* PPOPaymentControllerProtocol.h */,
			);
			name = Protocols;
			sourceTree = "<group>";
		};
		50AB96D91AC1D39400323E05 /* Reachability */ = {
			isa = PBXGroup;
			children = (
				50AB96D61AC1D38E00323E05 /* Reachability.h */,
				50AB96D71AC1D38E00323E05 /* Reachability.m */,
			);
			name = Reachability;
			sourceTree = "<group>";
		};
		50AB96DA1AC1D3A200323E05 /* ThirdParty */ = {
			isa = PBXGroup;
			children = (
				50AB96D91AC1D39400323E05 /* Reachability */,
			);
			name = ThirdParty;
			sourceTree = "<group>";
		};
		50CC9AF41AD41E0500B97F2E /* PPOEndpointManager */ = {
			isa = PBXGroup;
			children = (
				50CC9AF01AD41E0100B97F2E /* PPOEndpointManager.h */,
				50CC9AF11AD41E0100B97F2E /* PPOEndpointManager.m */,
			);
			name = PPOEndpointManager;
			sourceTree = "<group>";
		};
		50CC9AF91AD41ED800B97F2E /* PPOPaymentManager */ = {
			isa = PBXGroup;
			children = (
				50CC9AF51AD41ED300B97F2E /* PPOPaymentManager.h */,
				50CC9AF61AD41ED300B97F2E /* PPOPaymentManager.m */,
			);
			name = PPOPaymentManager;
			sourceTree = "<group>";
		};
		50CC9AFE1AD4238400B97F2E /* PPOCreditCard */ = {
			isa = PBXGroup;
			children = (
				50CC9AFA1AD4237F00B97F2E /* PPOCreditCard.h */,
				50CC9AFB1AD4237F00B97F2E /* PPOCreditCard.m */,
			);
			name = PPOCreditCard;
			sourceTree = "<group>";
		};
		50CC9B031AD4289700B97F2E /* PPOCredentials */ = {
			isa = PBXGroup;
			children = (
				50CC9AFF1AD4289300B97F2E /* PPOCredentials.h */,
				50CC9B001AD4289300B97F2E /* PPOCredentials.m */,
			);
			name = PPOCredentials;
			sourceTree = "<group>";
		};
		50CC9B081AD42B7900B97F2E /* PPOTransaction */ = {
			isa = PBXGroup;
			children = (
				50CC9B041AD42B7500B97F2E /* PPOTransaction.h */,
				50CC9B051AD42B7500B97F2E /* PPOTransaction.m */,
			);
			name = PPOTransaction;
			sourceTree = "<group>";
		};
		50CC9B0D1AD42CEB00B97F2E /* PPOBillingAddress */ = {
			isa = PBXGroup;
			children = (
				50CC9B091AD42CE800B97F2E /* PPOBillingAddress.h */,
				50CC9B0A1AD42CE800B97F2E /* PPOBillingAddress.m */,
			);
			name = PPOBillingAddress;
			sourceTree = "<group>";
		};
		50CC9B111AD43B7A00B97F2E /* FormViewController */ = {
			isa = PBXGroup;
			children = (
				50CC9B0E1AD43B7600B97F2E /* FormViewController.h */,
				50CC9B0F1AD43B7600B97F2E /* FormViewController.m */,
			);
			name = FormViewController;
			sourceTree = "<group>";
		};
		50CC9B151AD43C4200B97F2E /* FormDetails */ = {
			isa = PBXGroup;
			children = (
				50CC9B121AD43C3E00B97F2E /* FormDetails.h */,
				50CC9B131AD43C3E00B97F2E /* FormDetails.m */,
			);
			name = FormDetails;
			sourceTree = "<group>";
		};
		50CC9B161AD43C4700B97F2E /* Model */ = {
			isa = PBXGroup;
			children = (
				50CC9B151AD43C4200B97F2E /* FormDetails */,
			);
			name = Model;
			sourceTree = "<group>";
		};
		50CC9B1A1AD43E2500B97F2E /* TimeManager */ = {
			isa = PBXGroup;
			children = (
				50CC9B171AD43E2200B97F2E /* TimeManager.h */,
				50CC9B181AD43E2200B97F2E /* TimeManager.m */,
			);
			name = TimeManager;
			sourceTree = "<group>";
		};
		50CC9B1B1AD43E2900B97F2E /* Managers */ = {
			isa = PBXGroup;
			children = (
				50CC9B1A1AD43E2500B97F2E /* TimeManager */,
			);
			name = Managers;
			sourceTree = "<group>";
		};
/* End PBXGroup section */

/* Begin PBXHeadersBuildPhase section */
		5069F67D1ABC7EBA0077FB10 /* Headers */ = {
			isa = PBXHeadersBuildPhase;
			buildActionMask = 2147483647;
			files = (
				501B7CBF1AC40B3000F44193 /* PPOWebViewController.h in Headers */,
				50CC9AF71AD41ED300B97F2E /* PPOPaymentManager.h in Headers */,
				50CC9B0B1AD42CE800B97F2E /* PPOBillingAddress.h in Headers */,
				50CC9B011AD4289300B97F2E /* PPOCredentials.h in Headers */,
				5069F6851ABC7EBA0077FB10 /* PaypointSDK.h in Headers */,
				501C8E621AC01CD200CBA25A /* PPOTableViewCell.h in Headers */,
				50046ACE1AC2FB0400F23D05 /* PPOLuhn.h in Headers */,
				50046AC81AC2FAB000F23D05 /* PPOReachability.h in Headers */,
				50CC9B061AD42B7500B97F2E /* PPOTransaction.h in Headers */,
				50CC9AFC1AD4237F00B97F2E /* PPOCreditCard.h in Headers */,
				50CC9AF21AD41E0100B97F2E /* PPOEndpointManager.h in Headers */,
				50AB96C41AC16BE200323E05 /* PPOPaymentControllerProtocol.h in Headers */,
			);
			runOnlyForDeploymentPostprocessing = 0;
		};
/* End PBXHeadersBuildPhase section */

/* Begin PBXNativeTarget section */
		501C8E751AC03B9D00CBA25A /* PaypointSDKBundle */ = {
			isa = PBXNativeTarget;
			buildConfigurationList = 501C8E7A1AC03B9D00CBA25A /* Build configuration list for PBXNativeTarget "PaypointSDKBundle" */;
			buildPhases = (
				501C8E721AC03B9D00CBA25A /* Sources */,
				501C8E731AC03B9D00CBA25A /* Frameworks */,
				501C8E741AC03B9D00CBA25A /* Resources */,
			);
			buildRules = (
			);
			dependencies = (
			);
			name = PaypointSDKBundle;
			productName = PaypointSDKBundle;
			productReference = 501C8E761AC03B9D00CBA25A /* PaypointSDKBundle.bundle */;
			productType = "com.apple.product-type.bundle";
		};
		5069F6511ABC7DA30077FB10 /* Paypoint */ = {
			isa = PBXNativeTarget;
			buildConfigurationList = 5069F6751ABC7DA30077FB10 /* Build configuration list for PBXNativeTarget "Paypoint" */;
			buildPhases = (
				5069F64E1ABC7DA30077FB10 /* Sources */,
				5069F64F1ABC7DA30077FB10 /* Frameworks */,
				5069F6501ABC7DA30077FB10 /* Resources */,
				5069F69E1ABC7EBA0077FB10 /* Embed Frameworks */,
			);
			buildRules = (
			);
			dependencies = (
				5069F6961ABC7EBA0077FB10 /* PBXTargetDependency */,
			);
			name = Paypoint;
			productName = Paypoint;
			productReference = 5069F6521ABC7DA30077FB10 /* Paypoint.app */;
			productType = "com.apple.product-type.application";
		};
		5069F67F1ABC7EBA0077FB10 /* PaypointSDK */ = {
			isa = PBXNativeTarget;
			buildConfigurationList = 5069F69D1ABC7EBA0077FB10 /* Build configuration list for PBXNativeTarget "PaypointSDK" */;
			buildPhases = (
				5069F67B1ABC7EBA0077FB10 /* Sources */,
				5069F67C1ABC7EBA0077FB10 /* Frameworks */,
				5069F67D1ABC7EBA0077FB10 /* Headers */,
				5069F67E1ABC7EBA0077FB10 /* Resources */,
			);
			buildRules = (
			);
			dependencies = (
				501C8E851AC03D7100CBA25A /* PBXTargetDependency */,
			);
			name = PaypointSDK;
			productName = PaypointSDK;
			productReference = 5069F6801ABC7EBA0077FB10 /* PaypointSDK.framework */;
			productType = "com.apple.product-type.framework";
		};
		5069F6891ABC7EBA0077FB10 /* PaypointSDKTests */ = {
			isa = PBXNativeTarget;
			buildConfigurationList = 5069F69F1ABC7EBA0077FB10 /* Build configuration list for PBXNativeTarget "PaypointSDKTests" */;
			buildPhases = (
				5069F6861ABC7EBA0077FB10 /* Sources */,
				5069F6871ABC7EBA0077FB10 /* Frameworks */,
				5069F6881ABC7EBA0077FB10 /* Resources */,
			);
			buildRules = (
			);
			dependencies = (
				5069F68D1ABC7EBA0077FB10 /* PBXTargetDependency */,
				5069F68F1ABC7EBA0077FB10 /* PBXTargetDependency */,
			);
			name = PaypointSDKTests;
			productName = PaypointSDKTests;
			productReference = 5069F68A1ABC7EBA0077FB10 /* PaypointSDKTests.xctest */;
			productType = "com.apple.product-type.bundle.unit-test";
		};
/* End PBXNativeTarget section */

/* Begin PBXProject section */
		5069F64A1ABC7DA30077FB10 /* Project object */ = {
			isa = PBXProject;
			attributes = {
				CLASSPREFIX = PPO;
				LastUpgradeCheck = 0620;
				ORGANIZATIONNAME = Paypoint;
				TargetAttributes = {
					501C8E751AC03B9D00CBA25A = {
						CreatedOnToolsVersion = 6.2;
					};
					501D5EEF1ACD3C9900E61680 = {
						CreatedOnToolsVersion = 6.2;
					};
					5069F6511ABC7DA30077FB10 = {
						CreatedOnToolsVersion = 6.2;
					};
					5069F67F1ABC7EBA0077FB10 = {
						CreatedOnToolsVersion = 6.2;
					};
					5069F6891ABC7EBA0077FB10 = {
						CreatedOnToolsVersion = 6.2;
						TestTargetID = 5069F6511ABC7DA30077FB10;
					};
				};
			};
			buildConfigurationList = 5069F64D1ABC7DA30077FB10 /* Build configuration list for PBXProject "Paypoint" */;
			compatibilityVersion = "Xcode 3.2";
			developmentRegion = English;
			hasScannedForEncodings = 0;
			knownRegions = (
				en,
				Base,
			);
			mainGroup = 5069F6491ABC7DA30077FB10;
			productRefGroup = 5069F6531ABC7DA30077FB10 /* Products */;
			projectDirPath = "";
			projectRoot = "";
			targets = (
				5069F6511ABC7DA30077FB10 /* Paypoint */,
				5069F67F1ABC7EBA0077FB10 /* PaypointSDK */,
				5069F6891ABC7EBA0077FB10 /* PaypointSDKTests */,
				501C8E751AC03B9D00CBA25A /* PaypointSDKBundle */,
				501D5EEF1ACD3C9900E61680 /* Lipo */,
			);
		};
/* End PBXProject section */

/* Begin PBXResourcesBuildPhase section */
		501C8E741AC03B9D00CBA25A /* Resources */ = {
			isa = PBXResourcesBuildPhase;
			buildActionMask = 2147483647;
			files = (
				501B7CC31AC40B5600F44193 /* PPOWebViewController.xib in Resources */,
			);
			runOnlyForDeploymentPostprocessing = 0;
		};
		5069F6501ABC7DA30077FB10 /* Resources */ = {
			isa = PBXResourcesBuildPhase;
			buildActionMask = 2147483647;
			files = (
				5069F6611ABC7DA30077FB10 /* Main.storyboard in Resources */,
				5069F6661ABC7DA30077FB10 /* LaunchScreen.xib in Resources */,
				5069F6631ABC7DA30077FB10 /* Images.xcassets in Resources */,
			);
			runOnlyForDeploymentPostprocessing = 0;
		};
		5069F67E1ABC7EBA0077FB10 /* Resources */ = {
			isa = PBXResourcesBuildPhase;
			buildActionMask = 2147483647;
			files = (
				50046AD01AC2FB0400F23D05 /* PPOLuhnReadMe in Resources */,
				501C8E871AC03F7000CBA25A /* PaypointSDKBundle.bundle in Resources */,
			);
			runOnlyForDeploymentPostprocessing = 0;
		};
		5069F6881ABC7EBA0077FB10 /* Resources */ = {
			isa = PBXResourcesBuildPhase;
			buildActionMask = 2147483647;
			files = (
			);
			runOnlyForDeploymentPostprocessing = 0;
		};
/* End PBXResourcesBuildPhase section */

/* Begin PBXShellScriptBuildPhase section */
		501D5EF31ACD3CA300E61680 /* ShellScript */ = {
			isa = PBXShellScriptBuildPhase;
			buildActionMask = 2147483647;
			files = (
			);
			inputPaths = (
			);
			outputPaths = (
			);
			runOnlyForDeploymentPostprocessing = 0;
			shellPath = /bin/sh;
			shellScript = "${PROJECT_DIR}/Lipo/UniversalFramework.sh";
		};
/* End PBXShellScriptBuildPhase section */

/* Begin PBXSourcesBuildPhase section */
		501C8E721AC03B9D00CBA25A /* Sources */ = {
			isa = PBXSourcesBuildPhase;
			buildActionMask = 2147483647;
			files = (
			);
			runOnlyForDeploymentPostprocessing = 0;
		};
		5069F64E1ABC7DA30077FB10 /* Sources */ = {
			isa = PBXSourcesBuildPhase;
			buildActionMask = 2147483647;
			files = (
				50CC9B141AD43C3E00B97F2E /* FormDetails.m in Sources */,
				5069F65B1ABC7DA30077FB10 /* AppDelegate.m in Sources */,
				5069F6581ABC7DA30077FB10 /* main.m in Sources */,
				50AB96D81AC1D38E00323E05 /* Reachability.m in Sources */,
				50CC9B191AD43E2200B97F2E /* TimeManager.m in Sources */,
				50CC9B101AD43B7600B97F2E /* FormViewController.m in Sources */,
			);
			runOnlyForDeploymentPostprocessing = 0;
		};
		5069F67B1ABC7EBA0077FB10 /* Sources */ = {
			isa = PBXSourcesBuildPhase;
			buildActionMask = 2147483647;
			files = (
				50046ACF1AC2FB0400F23D05 /* PPOLuhn.m in Sources */,
				501C8E631AC01CD200CBA25A /* PPOTableViewCell.m in Sources */,
				50CC9AFD1AD4237F00B97F2E /* PPOCreditCard.m in Sources */,
				50CC9B0C1AD42CE800B97F2E /* PPOBillingAddress.m in Sources */,
				50CC9B071AD42B7500B97F2E /* PPOTransaction.m in Sources */,
				50046AC91AC2FAB000F23D05 /* PPOReachability.m in Sources */,
				50CC9B021AD4289300B97F2E /* PPOCredentials.m in Sources */,
				501B7CC01AC40B3000F44193 /* PPOWebViewController.m in Sources */,
				50CC9AF31AD41E0100B97F2E /* PPOEndpointManager.m in Sources */,
				50CC9AF81AD41ED300B97F2E /* PPOPaymentManager.m in Sources */,
			);
			runOnlyForDeploymentPostprocessing = 0;
		};
		5069F6861ABC7EBA0077FB10 /* Sources */ = {
			isa = PBXSourcesBuildPhase;
			buildActionMask = 2147483647;
			files = (
				5069F6941ABC7EBA0077FB10 /* PaypointSDKTests.m in Sources */,
			);
			runOnlyForDeploymentPostprocessing = 0;
		};
/* End PBXSourcesBuildPhase section */

/* Begin PBXTargetDependency section */
		501C8E851AC03D7100CBA25A /* PBXTargetDependency */ = {
			isa = PBXTargetDependency;
			target = 501C8E751AC03B9D00CBA25A /* PaypointSDKBundle */;
			targetProxy = 501C8E841AC03D7100CBA25A /* PBXContainerItemProxy */;
		};
		501D5EF51ACD3CB600E61680 /* PBXTargetDependency */ = {
			isa = PBXTargetDependency;
			target = 5069F67F1ABC7EBA0077FB10 /* PaypointSDK */;
			targetProxy = 501D5EF41ACD3CB600E61680 /* PBXContainerItemProxy */;
		};
		5069F68D1ABC7EBA0077FB10 /* PBXTargetDependency */ = {
			isa = PBXTargetDependency;
			target = 5069F67F1ABC7EBA0077FB10 /* PaypointSDK */;
			targetProxy = 5069F68C1ABC7EBA0077FB10 /* PBXContainerItemProxy */;
		};
		5069F68F1ABC7EBA0077FB10 /* PBXTargetDependency */ = {
			isa = PBXTargetDependency;
			target = 5069F6511ABC7DA30077FB10 /* Paypoint */;
			targetProxy = 5069F68E1ABC7EBA0077FB10 /* PBXContainerItemProxy */;
		};
		5069F6961ABC7EBA0077FB10 /* PBXTargetDependency */ = {
			isa = PBXTargetDependency;
			target = 5069F67F1ABC7EBA0077FB10 /* PaypointSDK */;
			targetProxy = 5069F6951ABC7EBA0077FB10 /* PBXContainerItemProxy */;
		};
/* End PBXTargetDependency section */

/* Begin PBXVariantGroup section */
		5069F65F1ABC7DA30077FB10 /* Main.storyboard */ = {
			isa = PBXVariantGroup;
			children = (
				5069F6601ABC7DA30077FB10 /* Base */,
			);
			name = Main.storyboard;
			sourceTree = "<group>";
		};
		5069F6641ABC7DA30077FB10 /* LaunchScreen.xib */ = {
			isa = PBXVariantGroup;
			children = (
				5069F6651ABC7DA30077FB10 /* Base */,
			);
			name = LaunchScreen.xib;
			sourceTree = "<group>";
		};
/* End PBXVariantGroup section */

/* Begin XCBuildConfiguration section */
		501C8E7B1AC03B9D00CBA25A /* Debug */ = {
			isa = XCBuildConfiguration;
			buildSettings = {
				COMBINE_HIDPI_IMAGES = NO;
				GCC_PREPROCESSOR_DEFINITIONS = (
					"DEBUG=1",
					"$(inherited)",
				);
				INFOPLIST_FILE = PaypointSDKBundle/Info.plist;
				INSTALL_PATH = "$(LOCAL_LIBRARY_DIR)/Bundles";
				MACOSX_DEPLOYMENT_TARGET = 10.10;
				PRODUCT_NAME = "$(TARGET_NAME)";
				SDKROOT = iphoneos;
				SKIP_INSTALL = YES;
				SUPPORTED_PLATFORMS = "iphonesimulator iphoneos";
				VALID_ARCHS = "i386 x86_64 armv7 armv7s arm64";
				WRAPPER_EXTENSION = bundle;
			};
			name = Debug;
		};
		501C8E7C1AC03B9D00CBA25A /* Release */ = {
			isa = XCBuildConfiguration;
			buildSettings = {
				COMBINE_HIDPI_IMAGES = NO;
				DEBUG_INFORMATION_FORMAT = "dwarf-with-dsym";
				INFOPLIST_FILE = PaypointSDKBundle/Info.plist;
				INSTALL_PATH = "$(LOCAL_LIBRARY_DIR)/Bundles";
				MACOSX_DEPLOYMENT_TARGET = 10.10;
				PRODUCT_NAME = "$(TARGET_NAME)";
				SDKROOT = iphoneos;
				SKIP_INSTALL = YES;
				SUPPORTED_PLATFORMS = "iphonesimulator iphoneos";
				VALID_ARCHS = "i386 x86_64 armv7 armv7s arm64";
				WRAPPER_EXTENSION = bundle;
			};
			name = Release;
		};
		501D5EF11ACD3C9900E61680 /* Debug */ = {
			isa = XCBuildConfiguration;
			buildSettings = {
				PRODUCT_NAME = "$(TARGET_NAME)";
			};
			name = Debug;
		};
		501D5EF21ACD3C9900E61680 /* Release */ = {
			isa = XCBuildConfiguration;
			buildSettings = {
				PRODUCT_NAME = "$(TARGET_NAME)";
			};
			name = Release;
		};
		5069F6731ABC7DA30077FB10 /* Debug */ = {
			isa = XCBuildConfiguration;
			buildSettings = {
				ALWAYS_SEARCH_USER_PATHS = NO;
				CLANG_CXX_LANGUAGE_STANDARD = "gnu++0x";
				CLANG_CXX_LIBRARY = "libc++";
				CLANG_ENABLE_MODULES = YES;
				CLANG_ENABLE_OBJC_ARC = YES;
				CLANG_WARN_BOOL_CONVERSION = YES;
				CLANG_WARN_CONSTANT_CONVERSION = YES;
				CLANG_WARN_DIRECT_OBJC_ISA_USAGE = YES_ERROR;
				CLANG_WARN_EMPTY_BODY = YES;
				CLANG_WARN_ENUM_CONVERSION = YES;
				CLANG_WARN_INT_CONVERSION = YES;
				CLANG_WARN_OBJC_ROOT_CLASS = YES_ERROR;
				CLANG_WARN_UNREACHABLE_CODE = YES;
				CLANG_WARN__DUPLICATE_METHOD_MATCH = YES;
				"CODE_SIGN_IDENTITY[sdk=iphoneos*]" = "iPhone Developer";
				COPY_PHASE_STRIP = NO;
				ENABLE_STRICT_OBJC_MSGSEND = YES;
				GCC_C_LANGUAGE_STANDARD = gnu99;
				GCC_DYNAMIC_NO_PIC = NO;
				GCC_OPTIMIZATION_LEVEL = 0;
				GCC_PREPROCESSOR_DEFINITIONS = (
					"DEBUG=1",
					"$(inherited)",
				);
				GCC_SYMBOLS_PRIVATE_EXTERN = NO;
				GCC_WARN_64_TO_32_BIT_CONVERSION = YES;
				GCC_WARN_ABOUT_RETURN_TYPE = YES_ERROR;
				GCC_WARN_UNDECLARED_SELECTOR = YES;
				GCC_WARN_UNINITIALIZED_AUTOS = YES_AGGRESSIVE;
				GCC_WARN_UNUSED_FUNCTION = YES;
				GCC_WARN_UNUSED_VARIABLE = YES;
				IPHONEOS_DEPLOYMENT_TARGET = 8.2;
				MTL_ENABLE_DEBUG_INFO = YES;
				ONLY_ACTIVE_ARCH = YES;
				SDKROOT = iphoneos;
			};
			name = Debug;
		};
		5069F6741ABC7DA30077FB10 /* Release */ = {
			isa = XCBuildConfiguration;
			buildSettings = {
				ALWAYS_SEARCH_USER_PATHS = NO;
				CLANG_CXX_LANGUAGE_STANDARD = "gnu++0x";
				CLANG_CXX_LIBRARY = "libc++";
				CLANG_ENABLE_MODULES = YES;
				CLANG_ENABLE_OBJC_ARC = YES;
				CLANG_WARN_BOOL_CONVERSION = YES;
				CLANG_WARN_CONSTANT_CONVERSION = YES;
				CLANG_WARN_DIRECT_OBJC_ISA_USAGE = YES_ERROR;
				CLANG_WARN_EMPTY_BODY = YES;
				CLANG_WARN_ENUM_CONVERSION = YES;
				CLANG_WARN_INT_CONVERSION = YES;
				CLANG_WARN_OBJC_ROOT_CLASS = YES_ERROR;
				CLANG_WARN_UNREACHABLE_CODE = YES;
				CLANG_WARN__DUPLICATE_METHOD_MATCH = YES;
				"CODE_SIGN_IDENTITY[sdk=iphoneos*]" = "iPhone Developer";
				COPY_PHASE_STRIP = NO;
				ENABLE_NS_ASSERTIONS = NO;
				ENABLE_STRICT_OBJC_MSGSEND = YES;
				GCC_C_LANGUAGE_STANDARD = gnu99;
				GCC_WARN_64_TO_32_BIT_CONVERSION = YES;
				GCC_WARN_ABOUT_RETURN_TYPE = YES_ERROR;
				GCC_WARN_UNDECLARED_SELECTOR = YES;
				GCC_WARN_UNINITIALIZED_AUTOS = YES_AGGRESSIVE;
				GCC_WARN_UNUSED_FUNCTION = YES;
				GCC_WARN_UNUSED_VARIABLE = YES;
				IPHONEOS_DEPLOYMENT_TARGET = 8.2;
				MTL_ENABLE_DEBUG_INFO = NO;
				SDKROOT = iphoneos;
				VALIDATE_PRODUCT = YES;
			};
			name = Release;
		};
		5069F6761ABC7DA30077FB10 /* Debug */ = {
			isa = XCBuildConfiguration;
			buildSettings = {
				ASSETCATALOG_COMPILER_APPICON_NAME = AppIcon;
				INFOPLIST_FILE = Paypoint/Info.plist;
				IPHONEOS_DEPLOYMENT_TARGET = 7.0;
				LD_RUNPATH_SEARCH_PATHS = "$(inherited) @executable_path/Frameworks";
				PRODUCT_NAME = "$(TARGET_NAME)";
			};
			name = Debug;
		};
		5069F6771ABC7DA30077FB10 /* Release */ = {
			isa = XCBuildConfiguration;
			buildSettings = {
				ASSETCATALOG_COMPILER_APPICON_NAME = AppIcon;
				INFOPLIST_FILE = Paypoint/Info.plist;
				IPHONEOS_DEPLOYMENT_TARGET = 7.0;
				LD_RUNPATH_SEARCH_PATHS = "$(inherited) @executable_path/Frameworks";
				PRODUCT_NAME = "$(TARGET_NAME)";
			};
			name = Release;
		};
		5069F6991ABC7EBA0077FB10 /* Debug */ = {
			isa = XCBuildConfiguration;
			buildSettings = {
				CURRENT_PROJECT_VERSION = 1;
				DEFINES_MODULE = YES;
				DYLIB_COMPATIBILITY_VERSION = 1;
				DYLIB_CURRENT_VERSION = 1;
				DYLIB_INSTALL_NAME_BASE = "@rpath";
				GCC_PREPROCESSOR_DEFINITIONS = (
					"DEBUG=1",
					"$(inherited)",
				);
				INFOPLIST_FILE = PaypointSDK/Info.plist;
				INSTALL_PATH = "$(LOCAL_LIBRARY_DIR)/Frameworks";
				IPHONEOS_DEPLOYMENT_TARGET = 7.0;
				LD_RUNPATH_SEARCH_PATHS = "$(inherited) @executable_path/Frameworks @loader_path/Frameworks";
				PRODUCT_NAME = "$(TARGET_NAME)";
				SKIP_INSTALL = YES;
				TARGETED_DEVICE_FAMILY = "1,2";
				VERSIONING_SYSTEM = "apple-generic";
				VERSION_INFO_PREFIX = "";
			};
			name = Debug;
		};
		5069F69A1ABC7EBA0077FB10 /* Release */ = {
			isa = XCBuildConfiguration;
			buildSettings = {
				CURRENT_PROJECT_VERSION = 1;
				DEFINES_MODULE = YES;
				DYLIB_COMPATIBILITY_VERSION = 1;
				DYLIB_CURRENT_VERSION = 1;
				DYLIB_INSTALL_NAME_BASE = "@rpath";
				INFOPLIST_FILE = PaypointSDK/Info.plist;
				INSTALL_PATH = "$(LOCAL_LIBRARY_DIR)/Frameworks";
				IPHONEOS_DEPLOYMENT_TARGET = 7.0;
				LD_RUNPATH_SEARCH_PATHS = "$(inherited) @executable_path/Frameworks @loader_path/Frameworks";
				PRODUCT_NAME = "$(TARGET_NAME)";
				SKIP_INSTALL = YES;
				TARGETED_DEVICE_FAMILY = "1,2";
				VERSIONING_SYSTEM = "apple-generic";
				VERSION_INFO_PREFIX = "";
			};
			name = Release;
		};
		5069F69B1ABC7EBA0077FB10 /* Debug */ = {
			isa = XCBuildConfiguration;
			buildSettings = {
				FRAMEWORK_SEARCH_PATHS = (
					"$(SDKROOT)/Developer/Library/Frameworks",
					"$(inherited)",
				);
				GCC_PREPROCESSOR_DEFINITIONS = (
					"DEBUG=1",
					"$(inherited)",
				);
				INFOPLIST_FILE = PaypointSDKTests/Info.plist;
				LD_RUNPATH_SEARCH_PATHS = "$(inherited) @executable_path/Frameworks @loader_path/Frameworks";
				PRODUCT_NAME = "$(TARGET_NAME)";
				TEST_HOST = "$(BUILT_PRODUCTS_DIR)/Paypoint.app/Paypoint";
			};
			name = Debug;
		};
		5069F69C1ABC7EBA0077FB10 /* Release */ = {
			isa = XCBuildConfiguration;
			buildSettings = {
				FRAMEWORK_SEARCH_PATHS = (
					"$(SDKROOT)/Developer/Library/Frameworks",
					"$(inherited)",
				);
				INFOPLIST_FILE = PaypointSDKTests/Info.plist;
				LD_RUNPATH_SEARCH_PATHS = "$(inherited) @executable_path/Frameworks @loader_path/Frameworks";
				PRODUCT_NAME = "$(TARGET_NAME)";
				TEST_HOST = "$(BUILT_PRODUCTS_DIR)/Paypoint.app/Paypoint";
			};
			name = Release;
		};
/* End XCBuildConfiguration section */

/* Begin XCConfigurationList section */
		501C8E7A1AC03B9D00CBA25A /* Build configuration list for PBXNativeTarget "PaypointSDKBundle" */ = {
			isa = XCConfigurationList;
			buildConfigurations = (
				501C8E7B1AC03B9D00CBA25A /* Debug */,
				501C8E7C1AC03B9D00CBA25A /* Release */,
			);
			defaultConfigurationIsVisible = 0;
			defaultConfigurationName = Release;
		};
		501D5EF01ACD3C9900E61680 /* Build configuration list for PBXAggregateTarget "Lipo" */ = {
			isa = XCConfigurationList;
			buildConfigurations = (
				501D5EF11ACD3C9900E61680 /* Debug */,
				501D5EF21ACD3C9900E61680 /* Release */,
			);
			defaultConfigurationIsVisible = 0;
			defaultConfigurationName = Release;
		};
		5069F64D1ABC7DA30077FB10 /* Build configuration list for PBXProject "Paypoint" */ = {
			isa = XCConfigurationList;
			buildConfigurations = (
				5069F6731ABC7DA30077FB10 /* Debug */,
				5069F6741ABC7DA30077FB10 /* Release */,
			);
			defaultConfigurationIsVisible = 0;
			defaultConfigurationName = Release;
		};
		5069F6751ABC7DA30077FB10 /* Build configuration list for PBXNativeTarget "Paypoint" */ = {
			isa = XCConfigurationList;
			buildConfigurations = (
				5069F6761ABC7DA30077FB10 /* Debug */,
				5069F6771ABC7DA30077FB10 /* Release */,
			);
			defaultConfigurationIsVisible = 0;
			defaultConfigurationName = Release;
		};
		5069F69D1ABC7EBA0077FB10 /* Build configuration list for PBXNativeTarget "PaypointSDK" */ = {
			isa = XCConfigurationList;
			buildConfigurations = (
				5069F6991ABC7EBA0077FB10 /* Debug */,
				5069F69A1ABC7EBA0077FB10 /* Release */,
			);
			defaultConfigurationIsVisible = 0;
			defaultConfigurationName = Release;
		};
		5069F69F1ABC7EBA0077FB10 /* Build configuration list for PBXNativeTarget "PaypointSDKTests" */ = {
			isa = XCConfigurationList;
			buildConfigurations = (
				5069F69B1ABC7EBA0077FB10 /* Debug */,
				5069F69C1ABC7EBA0077FB10 /* Release */,
			);
			defaultConfigurationIsVisible = 0;
			defaultConfigurationName = Release;
		};
/* End XCConfigurationList section */
	};
	rootObject = 5069F64A1ABC7DA30077FB10 /* Project object */;
}
