// !$*UTF8*$!
{
	archiveVersion = 1;
	classes = {
	};
	objectVersion = 46;
	objects = {

/* Begin PBXAggregateTarget section */
		501D5EEF1ACD3C9900E61680 /* Lipo */ = {
			isa = PBXAggregateTarget;
			buildConfigurationList = 501D5EF01ACD3C9900E61680 /* Build configuration list for PBXAggregateTarget "Lipo" */;
			buildPhases = (
				501D5EF31ACD3CA300E61680 /* ShellScript */,
			);
			dependencies = (
				501D5EF51ACD3CB600E61680 /* PBXTargetDependency */,
			);
			name = Lipo;
			productName = Lipo;
		};
/* End PBXAggregateTarget section */

/* Begin PBXBuildFile section */
		50046AC81AC2FAB000F23D05 /* PPOReachability.h in Headers */ = {isa = PBXBuildFile; fileRef = 50046AC61AC2FAB000F23D05 /* PPOReachability.h */; };
		50046AC91AC2FAB000F23D05 /* PPOReachability.m in Sources */ = {isa = PBXBuildFile; fileRef = 50046AC71AC2FAB000F23D05 /* PPOReachability.m */; };
		50046ACE1AC2FB0400F23D05 /* PPOLuhn.h in Headers */ = {isa = PBXBuildFile; fileRef = 50046ACB1AC2FB0400F23D05 /* PPOLuhn.h */; settings = {ATTRIBUTES = (Public, ); }; };
		50046ACF1AC2FB0400F23D05 /* PPOLuhn.m in Sources */ = {isa = PBXBuildFile; fileRef = 50046ACC1AC2FB0400F23D05 /* PPOLuhn.m */; };
		50046AD01AC2FB0400F23D05 /* PPOLuhnReadMe in Resources */ = {isa = PBXBuildFile; fileRef = 50046ACD1AC2FB0400F23D05 /* PPOLuhnReadMe */; };
		500E4F241AE69C84006C8E79 /* StyleKit.m in Sources */ = {isa = PBXBuildFile; fileRef = 500E4F221AE69C84006C8E79 /* StyleKit.m */; };
		500E4F281AE69CD3006C8E79 /* FeedbackBubble.m in Sources */ = {isa = PBXBuildFile; fileRef = 500E4F271AE69CD3006C8E79 /* FeedbackBubble.m */; };
		501B7CBF1AC40B3000F44193 /* PPOWebViewController.h in Headers */ = {isa = PBXBuildFile; fileRef = 501B7CBC1AC40B3000F44193 /* PPOWebViewController.h */; };
		501B7CC01AC40B3000F44193 /* PPOWebViewController.m in Sources */ = {isa = PBXBuildFile; fileRef = 501B7CBD1AC40B3000F44193 /* PPOWebViewController.m */; };
		501B7CC31AC40B5600F44193 /* PPOWebViewController.xib in Resources */ = {isa = PBXBuildFile; fileRef = 501B7CBE1AC40B3000F44193 /* PPOWebViewController.xib */; };
		501C8E871AC03F7000CBA25A /* PaypointSDKBundle.bundle in Resources */ = {isa = PBXBuildFile; fileRef = 501C8E761AC03B9D00CBA25A /* PaypointSDKBundle.bundle */; };
		501DFBFB1ADFF156004C4AE3 /* WelcomeViewController.m in Sources */ = {isa = PBXBuildFile; fileRef = 501DFBFA1ADFF156004C4AE3 /* WelcomeViewController.m */; };
		501DFC041AE00A79004C4AE3 /* FOUCONBD.otf in Resources */ = {isa = PBXBuildFile; fileRef = 501DFBFD1AE00A79004C4AE3 /* FOUCONBD.otf */; };
		501DFC051AE00A79004C4AE3 /* FOUCONDM.otf in Resources */ = {isa = PBXBuildFile; fileRef = 501DFBFE1AE00A79004C4AE3 /* FOUCONDM.otf */; };
		501DFC061AE00A79004C4AE3 /* FOUCONEB.otf in Resources */ = {isa = PBXBuildFile; fileRef = 501DFBFF1AE00A79004C4AE3 /* FOUCONEB.otf */; };
		501DFC071AE00A79004C4AE3 /* FOUCONMD.otf in Resources */ = {isa = PBXBuildFile; fileRef = 501DFC001AE00A79004C4AE3 /* FOUCONMD.otf */; };
		501DFC081AE00A79004C4AE3 /* FOUCONRG.otf in Resources */ = {isa = PBXBuildFile; fileRef = 501DFC011AE00A79004C4AE3 /* FOUCONRG.otf */; };
		501DFC091AE00A79004C4AE3 /* FOUCONRI.otf in Resources */ = {isa = PBXBuildFile; fileRef = 501DFC021AE00A79004C4AE3 /* FOUCONRI.otf */; };
		501DFC0A1AE00A79004C4AE3 /* FoundConExtBol.ttf in Resources */ = {isa = PBXBuildFile; fileRef = 501DFC031AE00A79004C4AE3 /* FoundConExtBol.ttf */; };
		5056A19F1AD6761D00AB1276 /* NSString+strip.m in Sources */ = {isa = PBXBuildFile; fileRef = 5056A19E1AD6761D00AB1276 /* NSString+strip.m */; };
		5056A1A61AD68B1400AB1276 /* PPOSDKMacros.h in Headers */ = {isa = PBXBuildFile; fileRef = 5056A1A51AD68B1400AB1276 /* PPOSDKMacros.h */; settings = {ATTRIBUTES = (Public, ); }; };
		5056A1A81AD68B2B00AB1276 /* PPOError.h in Headers */ = {isa = PBXBuildFile; fileRef = 5056A1A71AD68B2B00AB1276 /* PPOError.h */; settings = {ATTRIBUTES = (Public, ); }; };
		5056A1AA1AD6A65900AB1276 /* PPOError.m in Sources */ = {isa = PBXBuildFile; fileRef = 5056A1A91AD6A65900AB1276 /* PPOError.m */; };
		5056A1AD1AD6A75200AB1276 /* PPOErrorManager.h in Headers */ = {isa = PBXBuildFile; fileRef = 5056A1AB1AD6A75200AB1276 /* PPOErrorManager.h */; };
		5056A1AE1AD6A75200AB1276 /* PPOErrorManager.m in Sources */ = {isa = PBXBuildFile; fileRef = 5056A1AC1AD6A75200AB1276 /* PPOErrorManager.m */; };
		5069F6581ABC7DA30077FB10 /* main.m in Sources */ = {isa = PBXBuildFile; fileRef = 5069F6571ABC7DA30077FB10 /* main.m */; };
		5069F65B1ABC7DA30077FB10 /* AppDelegate.m in Sources */ = {isa = PBXBuildFile; fileRef = 5069F65A1ABC7DA30077FB10 /* AppDelegate.m */; };
		5069F6611ABC7DA30077FB10 /* Main.storyboard in Resources */ = {isa = PBXBuildFile; fileRef = 5069F65F1ABC7DA30077FB10 /* Main.storyboard */; };
		5069F6631ABC7DA30077FB10 /* Images.xcassets in Resources */ = {isa = PBXBuildFile; fileRef = 5069F6621ABC7DA30077FB10 /* Images.xcassets */; };
		5069F6661ABC7DA30077FB10 /* LaunchScreen.xib in Resources */ = {isa = PBXBuildFile; fileRef = 5069F6641ABC7DA30077FB10 /* LaunchScreen.xib */; };
		5069F6851ABC7EBA0077FB10 /* PaypointSDK.h in Headers */ = {isa = PBXBuildFile; fileRef = 5069F6841ABC7EBA0077FB10 /* PaypointSDK.h */; settings = {ATTRIBUTES = (Public, ); }; };
		5069F6941ABC7EBA0077FB10 /* PaypointSDKTests.m in Sources */ = {isa = PBXBuildFile; fileRef = 5069F6931ABC7EBA0077FB10 /* PaypointSDKTests.m */; };
		506D55AE1AE531EC00D71180 /* PPOPaymentValidator.h in Headers */ = {isa = PBXBuildFile; fileRef = 506D55AC1AE531EC00D71180 /* PPOPaymentValidator.h */; settings = {ATTRIBUTES = (Public, ); }; };
		506D55AF1AE531EC00D71180 /* PPOPaymentValidator.m in Sources */ = {isa = PBXBuildFile; fileRef = 506D55AD1AE531EC00D71180 /* PPOPaymentValidator.m */; };
		506D55B31AE5326700D71180 /* PPOPaymentEndpointManager.h in Headers */ = {isa = PBXBuildFile; fileRef = 506D55B11AE5326700D71180 /* PPOPaymentEndpointManager.h */; settings = {ATTRIBUTES = (Public, ); }; };
		506D55B41AE5326700D71180 /* PPOPaymentEndpointManager.m in Sources */ = {isa = PBXBuildFile; fileRef = 506D55B21AE5326700D71180 /* PPOPaymentEndpointManager.m */; };
		506D55B91AE53AA000D71180 /* PPOPaymentsDispatchManager.h in Headers */ = {isa = PBXBuildFile; fileRef = 506D55B71AE53AA000D71180 /* PPOPaymentsDispatchManager.h */; };
		506D55BA1AE53AA000D71180 /* PPOPaymentsDispatchManager.m in Sources */ = {isa = PBXBuildFile; fileRef = 506D55B81AE53AA000D71180 /* PPOPaymentsDispatchManager.m */; };
		506F99891AE5023A0077ECC0 /* UIKit.framework in Frameworks */ = {isa = PBXBuildFile; fileRef = 506F99881AE5023A0077ECC0 /* UIKit.framework */; };
		506F998B1AE502610077ECC0 /* CoreGraphics.framework in Frameworks */ = {isa = PBXBuildFile; fileRef = 506F998A1AE502610077ECC0 /* CoreGraphics.framework */; };
		506F998D1AE5027D0077ECC0 /* SystemConfiguration.framework in Frameworks */ = {isa = PBXBuildFile; fileRef = 506F998C1AE5027D0077ECC0 /* SystemConfiguration.framework */; };
		507331E41ADE696900BBDFC2 /* ColourManager.m in Sources */ = {isa = PBXBuildFile; fileRef = 507331E31ADE696900BBDFC2 /* ColourManager.m */; };
		507331E81ADE6A7600BBDFC2 /* NavigationViewController.m in Sources */ = {isa = PBXBuildFile; fileRef = 507331E71ADE6A7600BBDFC2 /* NavigationViewController.m */; };
		507331EC1ADE72E700BBDFC2 /* PPOPayment.h in Headers */ = {isa = PBXBuildFile; fileRef = 507331EA1ADE72E700BBDFC2 /* PPOPayment.h */; settings = {ATTRIBUTES = (Public, ); }; };
		507331ED1ADE72E700BBDFC2 /* PPOPayment.m in Sources */ = {isa = PBXBuildFile; fileRef = 507331EB1ADE72E700BBDFC2 /* PPOPayment.m */; };
		507331F61ADE7B1400BBDFC2 /* ImageManager.m in Sources */ = {isa = PBXBuildFile; fileRef = 507331F51ADE7B1400BBDFC2 /* ImageManager.m */; };
		507331FA1ADEB67100BBDFC2 /* EnvironmentManager.m in Sources */ = {isa = PBXBuildFile; fileRef = 507331F91ADEB67100BBDFC2 /* EnvironmentManager.m */; };
		507332011ADEB9C700BBDFC2 /* EnvironmentManager.m in Sources */ = {isa = PBXBuildFile; fileRef = 507331F91ADEB67100BBDFC2 /* EnvironmentManager.m */; };
		507AA72F1AD7D78F00420DF7 /* PPOOutcome.h in Headers */ = {isa = PBXBuildFile; fileRef = 507AA72D1AD7D78F00420DF7 /* PPOOutcome.h */; settings = {ATTRIBUTES = (Public, ); }; };
		507AA7301AD7D78F00420DF7 /* PPOOutcome.m in Sources */ = {isa = PBXBuildFile; fileRef = 507AA72E1AD7D78F00420DF7 /* PPOOutcome.m */; };
		507F54D01ADBBDBB004BF798 /* MerchantServer.m in Sources */ = {isa = PBXBuildFile; fileRef = 50AB93BB1AD5564E005944F5 /* MerchantServer.m */; };
		509B588B1ADD477A001236CD /* PPOTimeManager.h in Headers */ = {isa = PBXBuildFile; fileRef = 509B58891ADD477A001236CD /* PPOTimeManager.h */; };
		509B588C1ADD477A001236CD /* PPOTimeManager.m in Sources */ = {isa = PBXBuildFile; fileRef = 509B588A1ADD477A001236CD /* PPOTimeManager.m */; };
		50AB93B81AD551AD005944F5 /* SubmitFormViewController.m in Sources */ = {isa = PBXBuildFile; fileRef = 50AB93B71AD551AD005944F5 /* SubmitFormViewController.m */; };
		50AB93BC1AD5564E005944F5 /* MerchantServer.m in Sources */ = {isa = PBXBuildFile; fileRef = 50AB93BB1AD5564E005944F5 /* MerchantServer.m */; };
		50AB96D81AC1D38E00323E05 /* Reachability.m in Sources */ = {isa = PBXBuildFile; fileRef = 50AB96D71AC1D38E00323E05 /* Reachability.m */; };
		50CC9AF71AD41ED300B97F2E /* PPOPaymentManager.h in Headers */ = {isa = PBXBuildFile; fileRef = 50CC9AF51AD41ED300B97F2E /* PPOPaymentManager.h */; settings = {ATTRIBUTES = (Public, ); }; };
		50CC9AF81AD41ED300B97F2E /* PPOPaymentManager.m in Sources */ = {isa = PBXBuildFile; fileRef = 50CC9AF61AD41ED300B97F2E /* PPOPaymentManager.m */; };
		50CC9AFC1AD4237F00B97F2E /* PPOCreditCard.h in Headers */ = {isa = PBXBuildFile; fileRef = 50CC9AFA1AD4237F00B97F2E /* PPOCreditCard.h */; settings = {ATTRIBUTES = (Public, ); }; };
		50CC9AFD1AD4237F00B97F2E /* PPOCreditCard.m in Sources */ = {isa = PBXBuildFile; fileRef = 50CC9AFB1AD4237F00B97F2E /* PPOCreditCard.m */; };
		50CC9B011AD4289300B97F2E /* PPOCredentials.h in Headers */ = {isa = PBXBuildFile; fileRef = 50CC9AFF1AD4289300B97F2E /* PPOCredentials.h */; settings = {ATTRIBUTES = (Public, ); }; };
		50CC9B021AD4289300B97F2E /* PPOCredentials.m in Sources */ = {isa = PBXBuildFile; fileRef = 50CC9B001AD4289300B97F2E /* PPOCredentials.m */; };
		50CC9B061AD42B7500B97F2E /* PPOTransaction.h in Headers */ = {isa = PBXBuildFile; fileRef = 50CC9B041AD42B7500B97F2E /* PPOTransaction.h */; settings = {ATTRIBUTES = (Public, ); }; };
		50CC9B071AD42B7500B97F2E /* PPOTransaction.m in Sources */ = {isa = PBXBuildFile; fileRef = 50CC9B051AD42B7500B97F2E /* PPOTransaction.m */; };
		50CC9B0B1AD42CE800B97F2E /* PPOBillingAddress.h in Headers */ = {isa = PBXBuildFile; fileRef = 50CC9B091AD42CE800B97F2E /* PPOBillingAddress.h */; settings = {ATTRIBUTES = (Public, ); }; };
		50CC9B0C1AD42CE800B97F2E /* PPOBillingAddress.m in Sources */ = {isa = PBXBuildFile; fileRef = 50CC9B0A1AD42CE800B97F2E /* PPOBillingAddress.m */; };
		50CC9B101AD43B7600B97F2E /* FormViewController.m in Sources */ = {isa = PBXBuildFile; fileRef = 50CC9B0F1AD43B7600B97F2E /* FormViewController.m */; };
		50CC9B141AD43C3E00B97F2E /* FormDetails.m in Sources */ = {isa = PBXBuildFile; fileRef = 50CC9B131AD43C3E00B97F2E /* FormDetails.m */; };
		50CC9B191AD43E2200B97F2E /* TimeManager.m in Sources */ = {isa = PBXBuildFile; fileRef = 50CC9B181AD43E2200B97F2E /* TimeManager.m */; };
		50E257ED1AE148E20024D179 /* OutcomeViewController.m in Sources */ = {isa = PBXBuildFile; fileRef = 50E257EC1AE148E20024D179 /* OutcomeViewController.m */; };
		50E257F01AE150CA0024D179 /* FontAwesome.otf in Resources */ = {isa = PBXBuildFile; fileRef = 50E257EF1AE150CA0024D179 /* FontAwesome.otf */; };
		50E257F31AE153310024D179 /* ButtonStyler.m in Sources */ = {isa = PBXBuildFile; fileRef = 50E257F21AE153310024D179 /* ButtonStyler.m */; };
		50E3E6641AE1127700DA61E8 /* PPOPaymentBaseURLManager.h in Headers */ = {isa = PBXBuildFile; fileRef = 50E3E6621AE1127700DA61E8 /* PPOPaymentBaseURLManager.h */; settings = {ATTRIBUTES = (Public, ); }; };
		50E3E6651AE1127700DA61E8 /* PPOPaymentBaseURLManager.m in Sources */ = {isa = PBXBuildFile; fileRef = 50E3E6631AE1127700DA61E8 /* PPOPaymentBaseURLManager.m */; };
		50E3E6691AE1332700DA61E8 /* PaypointSDK.framework in Frameworks */ = {isa = PBXBuildFile; fileRef = 50D48F0A1ADC140C006BE4E8 /* PaypointSDK.framework */; };
		50E3E66A1AE1332700DA61E8 /* PaypointSDK.framework in Embed Frameworks */ = {isa = PBXBuildFile; fileRef = 50D48F0A1ADC140C006BE4E8 /* PaypointSDK.framework */; settings = {ATTRIBUTES = (CodeSignOnCopy, RemoveHeadersOnCopy, ); }; };
/* End PBXBuildFile section */

/* Begin PBXContainerItemProxy section */
		501C8E841AC03D7100CBA25A /* PBXContainerItemProxy */ = {
			isa = PBXContainerItemProxy;
			containerPortal = 5069F64A1ABC7DA30077FB10 /* Project object */;
			proxyType = 1;
			remoteGlobalIDString = 501C8E751AC03B9D00CBA25A;
			remoteInfo = PaypointSDKBundle;
		};
		501D5EF41ACD3CB600E61680 /* PBXContainerItemProxy */ = {
			isa = PBXContainerItemProxy;
			containerPortal = 5069F64A1ABC7DA30077FB10 /* Project object */;
			proxyType = 1;
			remoteGlobalIDString = 5069F67F1ABC7EBA0077FB10;
			remoteInfo = PaypointSDK;
		};
		505754911AD802BC007D7970 /* PBXContainerItemProxy */ = {
			isa = PBXContainerItemProxy;
			containerPortal = 5069F64A1ABC7DA30077FB10 /* Project object */;
			proxyType = 1;
			remoteGlobalIDString = 501D5EEF1ACD3C9900E61680;
			remoteInfo = Lipo;
		};
		505754991AD803A0007D7970 /* PBXContainerItemProxy */ = {
			isa = PBXContainerItemProxy;
			containerPortal = 5069F64A1ABC7DA30077FB10 /* Project object */;
			proxyType = 1;
			remoteGlobalIDString = 501D5EEF1ACD3C9900E61680;
			remoteInfo = Lipo;
		};
/* End PBXContainerItemProxy section */

/* Begin PBXCopyFilesBuildPhase section */
		50E3E66B1AE1332700DA61E8 /* Embed Frameworks */ = {
			isa = PBXCopyFilesBuildPhase;
			buildActionMask = 2147483647;
			dstPath = "";
			dstSubfolderSpec = 10;
			files = (
				50E3E66A1AE1332700DA61E8 /* PaypointSDK.framework in Embed Frameworks */,
			);
			name = "Embed Frameworks";
			runOnlyForDeploymentPostprocessing = 0;
		};
/* End PBXCopyFilesBuildPhase section */

/* Begin PBXFileReference section */
		50046AC61AC2FAB000F23D05 /* PPOReachability.h */ = {isa = PBXFileReference; fileEncoding = 4; lastKnownFileType = sourcecode.c.h; path = PPOReachability.h; sourceTree = "<group>"; };
		50046AC71AC2FAB000F23D05 /* PPOReachability.m */ = {isa = PBXFileReference; fileEncoding = 4; lastKnownFileType = sourcecode.c.objc; path = PPOReachability.m; sourceTree = "<group>"; };
		50046ACB1AC2FB0400F23D05 /* PPOLuhn.h */ = {isa = PBXFileReference; fileEncoding = 4; lastKnownFileType = sourcecode.c.h; path = PPOLuhn.h; sourceTree = "<group>"; };
		50046ACC1AC2FB0400F23D05 /* PPOLuhn.m */ = {isa = PBXFileReference; fileEncoding = 4; lastKnownFileType = sourcecode.c.objc; path = PPOLuhn.m; sourceTree = "<group>"; };
		50046ACD1AC2FB0400F23D05 /* PPOLuhnReadMe */ = {isa = PBXFileReference; fileEncoding = 4; lastKnownFileType = text; path = PPOLuhnReadMe; sourceTree = "<group>"; };
		500E4F221AE69C84006C8E79 /* StyleKit.m */ = {isa = PBXFileReference; fileEncoding = 4; lastKnownFileType = sourcecode.c.objc; path = StyleKit.m; sourceTree = "<group>"; };
		500E4F231AE69C84006C8E79 /* StyleKit.h */ = {isa = PBXFileReference; fileEncoding = 4; lastKnownFileType = sourcecode.c.h; path = StyleKit.h; sourceTree = "<group>"; };
		500E4F261AE69CD3006C8E79 /* FeedbackBubble.h */ = {isa = PBXFileReference; fileEncoding = 4; lastKnownFileType = sourcecode.c.h; path = FeedbackBubble.h; sourceTree = "<group>"; };
		500E4F271AE69CD3006C8E79 /* FeedbackBubble.m */ = {isa = PBXFileReference; fileEncoding = 4; lastKnownFileType = sourcecode.c.objc; path = FeedbackBubble.m; sourceTree = "<group>"; };
		501B7CBC1AC40B3000F44193 /* PPOWebViewController.h */ = {isa = PBXFileReference; fileEncoding = 4; lastKnownFileType = sourcecode.c.h; path = PPOWebViewController.h; sourceTree = "<group>"; };
		501B7CBD1AC40B3000F44193 /* PPOWebViewController.m */ = {isa = PBXFileReference; fileEncoding = 4; lastKnownFileType = sourcecode.c.objc; path = PPOWebViewController.m; sourceTree = "<group>"; };
		501B7CBE1AC40B3000F44193 /* PPOWebViewController.xib */ = {isa = PBXFileReference; fileEncoding = 4; lastKnownFileType = file.xib; path = PPOWebViewController.xib; sourceTree = "<group>"; };
		501C8E761AC03B9D00CBA25A /* PaypointSDKBundle.bundle */ = {isa = PBXFileReference; explicitFileType = wrapper.cfbundle; includeInIndex = 0; path = PaypointSDKBundle.bundle; sourceTree = BUILT_PRODUCTS_DIR; };
		501C8E791AC03B9D00CBA25A /* Info.plist */ = {isa = PBXFileReference; lastKnownFileType = text.plist.xml; path = Info.plist; sourceTree = "<group>"; };
		501D5EFE1ACD49A000E61680 /* UniversalFramework.sh */ = {isa = PBXFileReference; fileEncoding = 4; lastKnownFileType = text.script.sh; name = UniversalFramework.sh; path = ../Lipo/UniversalFramework.sh; sourceTree = "<group>"; };
		501DFBF91ADFF156004C4AE3 /* WelcomeViewController.h */ = {isa = PBXFileReference; fileEncoding = 4; lastKnownFileType = sourcecode.c.h; path = WelcomeViewController.h; sourceTree = "<group>"; };
		501DFBFA1ADFF156004C4AE3 /* WelcomeViewController.m */ = {isa = PBXFileReference; fileEncoding = 4; lastKnownFileType = sourcecode.c.objc; path = WelcomeViewController.m; sourceTree = "<group>"; };
		501DFBFD1AE00A79004C4AE3 /* FOUCONBD.otf */ = {isa = PBXFileReference; lastKnownFileType = file; path = FOUCONBD.otf; sourceTree = "<group>"; };
		501DFBFE1AE00A79004C4AE3 /* FOUCONDM.otf */ = {isa = PBXFileReference; lastKnownFileType = file; path = FOUCONDM.otf; sourceTree = "<group>"; };
		501DFBFF1AE00A79004C4AE3 /* FOUCONEB.otf */ = {isa = PBXFileReference; lastKnownFileType = file; path = FOUCONEB.otf; sourceTree = "<group>"; };
		501DFC001AE00A79004C4AE3 /* FOUCONMD.otf */ = {isa = PBXFileReference; lastKnownFileType = file; path = FOUCONMD.otf; sourceTree = "<group>"; };
		501DFC011AE00A79004C4AE3 /* FOUCONRG.otf */ = {isa = PBXFileReference; lastKnownFileType = file; path = FOUCONRG.otf; sourceTree = "<group>"; };
		501DFC021AE00A79004C4AE3 /* FOUCONRI.otf */ = {isa = PBXFileReference; lastKnownFileType = file; path = FOUCONRI.otf; sourceTree = "<group>"; };
		501DFC031AE00A79004C4AE3 /* FoundConExtBol.ttf */ = {isa = PBXFileReference; lastKnownFileType = file; path = FoundConExtBol.ttf; sourceTree = "<group>"; };
		5056A19D1AD6761D00AB1276 /* NSString+strip.h */ = {isa = PBXFileReference; fileEncoding = 4; lastKnownFileType = sourcecode.c.h; path = "NSString+strip.h"; sourceTree = "<group>"; };
		5056A19E1AD6761D00AB1276 /* NSString+strip.m */ = {isa = PBXFileReference; fileEncoding = 4; lastKnownFileType = sourcecode.c.objc; path = "NSString+strip.m"; sourceTree = "<group>"; };
		5056A1A51AD68B1400AB1276 /* PPOSDKMacros.h */ = {isa = PBXFileReference; fileEncoding = 4; lastKnownFileType = sourcecode.c.h; path = PPOSDKMacros.h; sourceTree = "<group>"; };
		5056A1A71AD68B2B00AB1276 /* PPOError.h */ = {isa = PBXFileReference; fileEncoding = 4; lastKnownFileType = sourcecode.c.h; path = PPOError.h; sourceTree = "<group>"; };
		5056A1A91AD6A65900AB1276 /* PPOError.m */ = {isa = PBXFileReference; fileEncoding = 4; lastKnownFileType = sourcecode.c.objc; path = PPOError.m; sourceTree = "<group>"; };
		5056A1AB1AD6A75200AB1276 /* PPOErrorManager.h */ = {isa = PBXFileReference; fileEncoding = 4; lastKnownFileType = sourcecode.c.h; path = PPOErrorManager.h; sourceTree = "<group>"; };
		5056A1AC1AD6A75200AB1276 /* PPOErrorManager.m */ = {isa = PBXFileReference; fileEncoding = 4; lastKnownFileType = sourcecode.c.objc; path = PPOErrorManager.m; sourceTree = "<group>"; };
		5069F6521ABC7DA30077FB10 /* Paypoint.app */ = {isa = PBXFileReference; explicitFileType = wrapper.application; includeInIndex = 0; path = Paypoint.app; sourceTree = BUILT_PRODUCTS_DIR; };
		5069F6561ABC7DA30077FB10 /* Info.plist */ = {isa = PBXFileReference; lastKnownFileType = text.plist.xml; path = Info.plist; sourceTree = "<group>"; };
		5069F6571ABC7DA30077FB10 /* main.m */ = {isa = PBXFileReference; lastKnownFileType = sourcecode.c.objc; path = main.m; sourceTree = "<group>"; };
		5069F6591ABC7DA30077FB10 /* AppDelegate.h */ = {isa = PBXFileReference; lastKnownFileType = sourcecode.c.h; path = AppDelegate.h; sourceTree = "<group>"; };
		5069F65A1ABC7DA30077FB10 /* AppDelegate.m */ = {isa = PBXFileReference; lastKnownFileType = sourcecode.c.objc; path = AppDelegate.m; sourceTree = "<group>"; };
		5069F6601ABC7DA30077FB10 /* Base */ = {isa = PBXFileReference; lastKnownFileType = file.storyboard; name = Base; path = Base.lproj/Main.storyboard; sourceTree = "<group>"; };
		5069F6621ABC7DA30077FB10 /* Images.xcassets */ = {isa = PBXFileReference; lastKnownFileType = folder.assetcatalog; path = Images.xcassets; sourceTree = "<group>"; };
		5069F6651ABC7DA30077FB10 /* Base */ = {isa = PBXFileReference; lastKnownFileType = file.xib; name = Base; path = Base.lproj/LaunchScreen.xib; sourceTree = "<group>"; };
		5069F6801ABC7EBA0077FB10 /* PaypointSDK.framework */ = {isa = PBXFileReference; explicitFileType = wrapper.framework; includeInIndex = 0; path = PaypointSDK.framework; sourceTree = BUILT_PRODUCTS_DIR; };
		5069F6831ABC7EBA0077FB10 /* Info.plist */ = {isa = PBXFileReference; lastKnownFileType = text.plist.xml; path = Info.plist; sourceTree = "<group>"; };
		5069F6841ABC7EBA0077FB10 /* PaypointSDK.h */ = {isa = PBXFileReference; lastKnownFileType = sourcecode.c.h; path = PaypointSDK.h; sourceTree = "<group>"; };
		5069F68A1ABC7EBA0077FB10 /* PaypointSDKTests.xctest */ = {isa = PBXFileReference; explicitFileType = wrapper.cfbundle; includeInIndex = 0; path = PaypointSDKTests.xctest; sourceTree = BUILT_PRODUCTS_DIR; };
		5069F6921ABC7EBA0077FB10 /* Info.plist */ = {isa = PBXFileReference; lastKnownFileType = text.plist.xml; path = Info.plist; sourceTree = "<group>"; };
		5069F6931ABC7EBA0077FB10 /* PaypointSDKTests.m */ = {isa = PBXFileReference; lastKnownFileType = sourcecode.c.objc; path = PaypointSDKTests.m; sourceTree = "<group>"; };
		506D55AC1AE531EC00D71180 /* PPOPaymentValidator.h */ = {isa = PBXFileReference; fileEncoding = 4; lastKnownFileType = sourcecode.c.h; path = PPOPaymentValidator.h; sourceTree = "<group>"; };
		506D55AD1AE531EC00D71180 /* PPOPaymentValidator.m */ = {isa = PBXFileReference; fileEncoding = 4; lastKnownFileType = sourcecode.c.objc; path = PPOPaymentValidator.m; sourceTree = "<group>"; };
		506D55B11AE5326700D71180 /* PPOPaymentEndpointManager.h */ = {isa = PBXFileReference; fileEncoding = 4; lastKnownFileType = sourcecode.c.h; path = PPOPaymentEndpointManager.h; sourceTree = "<group>"; };
		506D55B21AE5326700D71180 /* PPOPaymentEndpointManager.m */ = {isa = PBXFileReference; fileEncoding = 4; lastKnownFileType = sourcecode.c.objc; path = PPOPaymentEndpointManager.m; sourceTree = "<group>"; };
		506D55B71AE53AA000D71180 /* PPOPaymentsDispatchManager.h */ = {isa = PBXFileReference; fileEncoding = 4; lastKnownFileType = sourcecode.c.h; path = PPOPaymentsDispatchManager.h; sourceTree = "<group>"; };
		506D55B81AE53AA000D71180 /* PPOPaymentsDispatchManager.m */ = {isa = PBXFileReference; fileEncoding = 4; lastKnownFileType = sourcecode.c.objc; path = PPOPaymentsDispatchManager.m; sourceTree = "<group>"; };
		506F99861AE502120077ECC0 /* QuartzCore.framework */ = {isa = PBXFileReference; lastKnownFileType = wrapper.framework; name = QuartzCore.framework; path = System/Library/Frameworks/QuartzCore.framework; sourceTree = SDKROOT; };
		506F99881AE5023A0077ECC0 /* UIKit.framework */ = {isa = PBXFileReference; lastKnownFileType = wrapper.framework; name = UIKit.framework; path = System/Library/Frameworks/UIKit.framework; sourceTree = SDKROOT; };
		506F998A1AE502610077ECC0 /* CoreGraphics.framework */ = {isa = PBXFileReference; lastKnownFileType = wrapper.framework; name = CoreGraphics.framework; path = System/Library/Frameworks/CoreGraphics.framework; sourceTree = SDKROOT; };
		506F998C1AE5027D0077ECC0 /* SystemConfiguration.framework */ = {isa = PBXFileReference; lastKnownFileType = wrapper.framework; name = SystemConfiguration.framework; path = System/Library/Frameworks/SystemConfiguration.framework; sourceTree = SDKROOT; };
		507331E21ADE696900BBDFC2 /* ColourManager.h */ = {isa = PBXFileReference; fileEncoding = 4; lastKnownFileType = sourcecode.c.h; path = ColourManager.h; sourceTree = "<group>"; };
		507331E31ADE696900BBDFC2 /* ColourManager.m */ = {isa = PBXFileReference; fileEncoding = 4; lastKnownFileType = sourcecode.c.objc; path = ColourManager.m; sourceTree = "<group>"; };
		507331E61ADE6A7600BBDFC2 /* NavigationViewController.h */ = {isa = PBXFileReference; fileEncoding = 4; lastKnownFileType = sourcecode.c.h; path = NavigationViewController.h; sourceTree = "<group>"; };
		507331E71ADE6A7600BBDFC2 /* NavigationViewController.m */ = {isa = PBXFileReference; fileEncoding = 4; lastKnownFileType = sourcecode.c.objc; path = NavigationViewController.m; sourceTree = "<group>"; };
		507331EA1ADE72E700BBDFC2 /* PPOPayment.h */ = {isa = PBXFileReference; fileEncoding = 4; lastKnownFileType = sourcecode.c.h; path = PPOPayment.h; sourceTree = "<group>"; };
		507331EB1ADE72E700BBDFC2 /* PPOPayment.m */ = {isa = PBXFileReference; fileEncoding = 4; lastKnownFileType = sourcecode.c.objc; path = PPOPayment.m; sourceTree = "<group>"; };
		507331F41ADE7B1400BBDFC2 /* ImageManager.h */ = {isa = PBXFileReference; fileEncoding = 4; lastKnownFileType = sourcecode.c.h; path = ImageManager.h; sourceTree = "<group>"; };
		507331F51ADE7B1400BBDFC2 /* ImageManager.m */ = {isa = PBXFileReference; fileEncoding = 4; lastKnownFileType = sourcecode.c.objc; path = ImageManager.m; sourceTree = "<group>"; };
		507331F81ADEB67100BBDFC2 /* EnvironmentManager.h */ = {isa = PBXFileReference; fileEncoding = 4; lastKnownFileType = sourcecode.c.h; path = EnvironmentManager.h; sourceTree = "<group>"; };
		507331F91ADEB67100BBDFC2 /* EnvironmentManager.m */ = {isa = PBXFileReference; fileEncoding = 4; lastKnownFileType = sourcecode.c.objc; path = EnvironmentManager.m; sourceTree = "<group>"; };
		507AA72D1AD7D78F00420DF7 /* PPOOutcome.h */ = {isa = PBXFileReference; fileEncoding = 4; lastKnownFileType = sourcecode.c.h; path = PPOOutcome.h; sourceTree = "<group>"; };
		507AA72E1AD7D78F00420DF7 /* PPOOutcome.m */ = {isa = PBXFileReference; fileEncoding = 4; lastKnownFileType = sourcecode.c.objc; path = PPOOutcome.m; sourceTree = "<group>"; };
		509B58891ADD477A001236CD /* PPOTimeManager.h */ = {isa = PBXFileReference; fileEncoding = 4; lastKnownFileType = sourcecode.c.h; path = PPOTimeManager.h; sourceTree = "<group>"; };
		509B588A1ADD477A001236CD /* PPOTimeManager.m */ = {isa = PBXFileReference; fileEncoding = 4; lastKnownFileType = sourcecode.c.objc; path = PPOTimeManager.m; sourceTree = "<group>"; };
		50AB93B61AD551AD005944F5 /* SubmitFormViewController.h */ = {isa = PBXFileReference; fileEncoding = 4; lastKnownFileType = sourcecode.c.h; path = SubmitFormViewController.h; sourceTree = "<group>"; };
		50AB93B71AD551AD005944F5 /* SubmitFormViewController.m */ = {isa = PBXFileReference; fileEncoding = 4; lastKnownFileType = sourcecode.c.objc; path = SubmitFormViewController.m; sourceTree = "<group>"; };
		50AB93BA1AD5564E005944F5 /* MerchantServer.h */ = {isa = PBXFileReference; fileEncoding = 4; lastKnownFileType = sourcecode.c.h; path = MerchantServer.h; sourceTree = "<group>"; };
		50AB93BB1AD5564E005944F5 /* MerchantServer.m */ = {isa = PBXFileReference; fileEncoding = 4; lastKnownFileType = sourcecode.c.objc; path = MerchantServer.m; sourceTree = "<group>"; };
		50AB96D61AC1D38E00323E05 /* Reachability.h */ = {isa = PBXFileReference; fileEncoding = 4; lastKnownFileType = sourcecode.c.h; path = Reachability.h; sourceTree = "<group>"; };
		50AB96D71AC1D38E00323E05 /* Reachability.m */ = {isa = PBXFileReference; fileEncoding = 4; lastKnownFileType = sourcecode.c.objc; path = Reachability.m; sourceTree = "<group>"; };
		50CC9AF51AD41ED300B97F2E /* PPOPaymentManager.h */ = {isa = PBXFileReference; fileEncoding = 4; lastKnownFileType = sourcecode.c.h; path = PPOPaymentManager.h; sourceTree = "<group>"; };
		50CC9AF61AD41ED300B97F2E /* PPOPaymentManager.m */ = {isa = PBXFileReference; fileEncoding = 4; lastKnownFileType = sourcecode.c.objc; path = PPOPaymentManager.m; sourceTree = "<group>"; };
		50CC9AFA1AD4237F00B97F2E /* PPOCreditCard.h */ = {isa = PBXFileReference; fileEncoding = 4; lastKnownFileType = sourcecode.c.h; path = PPOCreditCard.h; sourceTree = "<group>"; };
		50CC9AFB1AD4237F00B97F2E /* PPOCreditCard.m */ = {isa = PBXFileReference; fileEncoding = 4; lastKnownFileType = sourcecode.c.objc; path = PPOCreditCard.m; sourceTree = "<group>"; };
		50CC9AFF1AD4289300B97F2E /* PPOCredentials.h */ = {isa = PBXFileReference; fileEncoding = 4; lastKnownFileType = sourcecode.c.h; path = PPOCredentials.h; sourceTree = "<group>"; };
		50CC9B001AD4289300B97F2E /* PPOCredentials.m */ = {isa = PBXFileReference; fileEncoding = 4; lastKnownFileType = sourcecode.c.objc; path = PPOCredentials.m; sourceTree = "<group>"; };
		50CC9B041AD42B7500B97F2E /* PPOTransaction.h */ = {isa = PBXFileReference; fileEncoding = 4; lastKnownFileType = sourcecode.c.h; path = PPOTransaction.h; sourceTree = "<group>"; };
		50CC9B051AD42B7500B97F2E /* PPOTransaction.m */ = {isa = PBXFileReference; fileEncoding = 4; lastKnownFileType = sourcecode.c.objc; path = PPOTransaction.m; sourceTree = "<group>"; };
		50CC9B091AD42CE800B97F2E /* PPOBillingAddress.h */ = {isa = PBXFileReference; fileEncoding = 4; lastKnownFileType = sourcecode.c.h; path = PPOBillingAddress.h; sourceTree = "<group>"; };
		50CC9B0A1AD42CE800B97F2E /* PPOBillingAddress.m */ = {isa = PBXFileReference; fileEncoding = 4; lastKnownFileType = sourcecode.c.objc; path = PPOBillingAddress.m; sourceTree = "<group>"; };
		50CC9B0E1AD43B7600B97F2E /* FormViewController.h */ = {isa = PBXFileReference; fileEncoding = 4; lastKnownFileType = sourcecode.c.h; path = FormViewController.h; sourceTree = "<group>"; };
		50CC9B0F1AD43B7600B97F2E /* FormViewController.m */ = {isa = PBXFileReference; fileEncoding = 4; lastKnownFileType = sourcecode.c.objc; path = FormViewController.m; sourceTree = "<group>"; };
		50CC9B121AD43C3E00B97F2E /* FormDetails.h */ = {isa = PBXFileReference; fileEncoding = 4; lastKnownFileType = sourcecode.c.h; path = FormDetails.h; sourceTree = "<group>"; };
		50CC9B131AD43C3E00B97F2E /* FormDetails.m */ = {isa = PBXFileReference; fileEncoding = 4; lastKnownFileType = sourcecode.c.objc; path = FormDetails.m; sourceTree = "<group>"; };
		50CC9B171AD43E2200B97F2E /* TimeManager.h */ = {isa = PBXFileReference; fileEncoding = 4; lastKnownFileType = sourcecode.c.h; path = TimeManager.h; sourceTree = "<group>"; };
		50CC9B181AD43E2200B97F2E /* TimeManager.m */ = {isa = PBXFileReference; fileEncoding = 4; lastKnownFileType = sourcecode.c.objc; path = TimeManager.m; sourceTree = "<group>"; };
		50D48F0A1ADC140C006BE4E8 /* PaypointSDK.framework */ = {isa = PBXFileReference; lastKnownFileType = wrapper.framework; name = PaypointSDK.framework; path = Lipo/PaypointSDK.framework; sourceTree = SOURCE_ROOT; };
		50E257EB1AE148E20024D179 /* OutcomeViewController.h */ = {isa = PBXFileReference; fileEncoding = 4; lastKnownFileType = sourcecode.c.h; path = OutcomeViewController.h; sourceTree = "<group>"; };
		50E257EC1AE148E20024D179 /* OutcomeViewController.m */ = {isa = PBXFileReference; fileEncoding = 4; lastKnownFileType = sourcecode.c.objc; path = OutcomeViewController.m; sourceTree = "<group>"; };
		50E257EF1AE150CA0024D179 /* FontAwesome.otf */ = {isa = PBXFileReference; lastKnownFileType = file; path = FontAwesome.otf; sourceTree = "<group>"; };
		50E257F11AE153310024D179 /* ButtonStyler.h */ = {isa = PBXFileReference; fileEncoding = 4; lastKnownFileType = sourcecode.c.h; path = ButtonStyler.h; sourceTree = "<group>"; };
		50E257F21AE153310024D179 /* ButtonStyler.m */ = {isa = PBXFileReference; fileEncoding = 4; lastKnownFileType = sourcecode.c.objc; path = ButtonStyler.m; sourceTree = "<group>"; };
		50E3E6621AE1127700DA61E8 /* PPOPaymentBaseURLManager.h */ = {isa = PBXFileReference; fileEncoding = 4; lastKnownFileType = sourcecode.c.h; path = PPOPaymentBaseURLManager.h; sourceTree = "<group>"; };
		50E3E6631AE1127700DA61E8 /* PPOPaymentBaseURLManager.m */ = {isa = PBXFileReference; fileEncoding = 4; lastKnownFileType = sourcecode.c.objc; path = PPOPaymentBaseURLManager.m; sourceTree = "<group>"; };
/* End PBXFileReference section */

/* Begin PBXFrameworksBuildPhase section */
		501C8E731AC03B9D00CBA25A /* Frameworks */ = {
			isa = PBXFrameworksBuildPhase;
			buildActionMask = 2147483647;
			files = (
			);
			runOnlyForDeploymentPostprocessing = 0;
		};
		5069F64F1ABC7DA30077FB10 /* Frameworks */ = {
			isa = PBXFrameworksBuildPhase;
			buildActionMask = 2147483647;
			files = (
				506F998D1AE5027D0077ECC0 /* SystemConfiguration.framework in Frameworks */,
				506F998B1AE502610077ECC0 /* CoreGraphics.framework in Frameworks */,
				506F99891AE5023A0077ECC0 /* UIKit.framework in Frameworks */,
				50E3E6691AE1332700DA61E8 /* PaypointSDK.framework in Frameworks */,
			);
			runOnlyForDeploymentPostprocessing = 0;
		};
		5069F67C1ABC7EBA0077FB10 /* Frameworks */ = {
			isa = PBXFrameworksBuildPhase;
			buildActionMask = 2147483647;
			files = (
			);
			runOnlyForDeploymentPostprocessing = 0;
		};
		5069F6871ABC7EBA0077FB10 /* Frameworks */ = {
			isa = PBXFrameworksBuildPhase;
			buildActionMask = 2147483647;
			files = (
			);
			runOnlyForDeploymentPostprocessing = 0;
		};
/* End PBXFrameworksBuildPhase section */

/* Begin PBXGroup section */
		50046ACA1AC2FAB500F23D05 /* PPOReachability */ = {
			isa = PBXGroup;
			children = (
				50046AC61AC2FAB000F23D05 /* PPOReachability.h */,
				50046AC71AC2FAB000F23D05 /* PPOReachability.m */,
			);
			name = PPOReachability;
			sourceTree = "<group>";
		};
		500E4F251AE69C8B006C8E79 /* StyleKit */ = {
			isa = PBXGroup;
			children = (
				500E4F231AE69C84006C8E79 /* StyleKit.h */,
				500E4F221AE69C84006C8E79 /* StyleKit.m */,
			);
			name = StyleKit;
			sourceTree = "<group>";
		};
		500E4F291AE69CD7006C8E79 /* FeedbackBubble */ = {
			isa = PBXGroup;
			children = (
				500E4F261AE69CD3006C8E79 /* FeedbackBubble.h */,
				500E4F271AE69CD3006C8E79 /* FeedbackBubble.m */,
			);
			name = FeedbackBubble;
			sourceTree = "<group>";
		};
		500E4F2A1AE69CDA006C8E79 /* View */ = {
			isa = PBXGroup;
			children = (
				500E4F291AE69CD7006C8E79 /* FeedbackBubble */,
			);
			name = View;
			sourceTree = "<group>";
		};
		501B7CC21AC40B3300F44193 /* PPOWebViewController */ = {
			isa = PBXGroup;
			children = (
				501B7CBC1AC40B3000F44193 /* PPOWebViewController.h */,
				501B7CBD1AC40B3000F44193 /* PPOWebViewController.m */,
			);
			name = PPOWebViewController;
			sourceTree = "<group>";
		};
		501C8E531AC0185F00CBA25A /* AppDelegate */ = {
			isa = PBXGroup;
			children = (
				5069F6591ABC7DA30077FB10 /* AppDelegate.h */,
				5069F65A1ABC7DA30077FB10 /* AppDelegate.m */,
			);
			name = AppDelegate;
			sourceTree = "<group>";
		};
		501C8E581AC018F600CBA25A /* ViewControllers */ = {
			isa = PBXGroup;
			children = (
				507331E91ADE6A7900BBDFC2 /* NavigationViewController */,
				501DFBFC1ADFF159004C4AE3 /* WelcomeViewController */,
				50CC9B111AD43B7A00B97F2E /* FormViewController */,
				50AB93B91AD551B0005944F5 /* SubmitFormViewController */,
				50E257EE1AE1491E0024D179 /* OutcomeViewController */,
			);
			name = ViewControllers;
			sourceTree = "<group>";
		};
		501C8E5F1AC0198B00CBA25A /* ViewControllers */ = {
			isa = PBXGroup;
			children = (
				501B7CC21AC40B3300F44193 /* PPOWebViewController */,
			);
			name = ViewControllers;
			sourceTree = "<group>";
		};
		501C8E671AC01D2700CBA25A /* Managers */ = {
			isa = PBXGroup;
			children = (
				5056A1AF1AD6A75600AB1276 /* PPOErrorManager */,
				509B588D1ADD477D001236CD /* PPOTimeManager */,
				506D55B61AE5331D00D71180 /* Payments */,
			);
			name = Managers;
			sourceTree = "<group>";
		};
		501C8E681AC01D3400CBA25A /* Model */ = {
			isa = PBXGroup;
			children = (
				50CC9B031AD4289700B97F2E /* PPOCredentials */,
				50CC9AFE1AD4238400B97F2E /* PPOCreditCard */,
				50CC9B081AD42B7900B97F2E /* PPOTransaction */,
				50CC9B0D1AD42CEB00B97F2E /* PPOBillingAddress */,
				507AA7311AD7D79300420DF7 /* PPOOutcome */,
				507331EE1ADE72EA00BBDFC2 /* PPOPayment */,
			);
			name = Model;
			sourceTree = "<group>";
		};
		501C8E771AC03B9D00CBA25A /* PaypointSDKBundle */ = {
			isa = PBXGroup;
			children = (
				501C8E7D1AC03C5000CBA25A /* Resources */,
				501C8E781AC03B9D00CBA25A /* Supporting Files */,
			);
			path = PaypointSDKBundle;
			sourceTree = "<group>";
		};
		501C8E781AC03B9D00CBA25A /* Supporting Files */ = {
			isa = PBXGroup;
			children = (
				501C8E791AC03B9D00CBA25A /* Info.plist */,
			);
			name = "Supporting Files";
			sourceTree = "<group>";
		};
		501C8E7D1AC03C5000CBA25A /* Resources */ = {
			isa = PBXGroup;
			children = (
				501B7CBE1AC40B3000F44193 /* PPOWebViewController.xib */,
			);
			name = Resources;
			path = ../PaypointSDK;
			sourceTree = "<group>";
		};
		501D5EFF1ACD49A900E61680 /* Lipo */ = {
			isa = PBXGroup;
			children = (
				50D48F0A1ADC140C006BE4E8 /* PaypointSDK.framework */,
				501D5EFE1ACD49A000E61680 /* UniversalFramework.sh */,
			);
			name = Lipo;
			path = PaypointSDK;
			sourceTree = "<group>";
		};
		501DFBFC1ADFF159004C4AE3 /* WelcomeViewController */ = {
			isa = PBXGroup;
			children = (
				501DFBF91ADFF156004C4AE3 /* WelcomeViewController.h */,
				501DFBFA1ADFF156004C4AE3 /* WelcomeViewController.m */,
			);
			name = WelcomeViewController;
			sourceTree = "<group>";
		};
		5056A1A01AD6762100AB1276 /* NSString+strip */ = {
			isa = PBXGroup;
			children = (
				5056A19D1AD6761D00AB1276 /* NSString+strip.h */,
				5056A19E1AD6761D00AB1276 /* NSString+strip.m */,
			);
			name = "NSString+strip";
			sourceTree = "<group>";
		};
		5056A1AF1AD6A75600AB1276 /* PPOErrorManager */ = {
			isa = PBXGroup;
			children = (
				5056A1AB1AD6A75200AB1276 /* PPOErrorManager.h */,
				5056A1AC1AD6A75200AB1276 /* PPOErrorManager.m */,
			);
			name = PPOErrorManager;
			sourceTree = "<group>";
		};
		5056A1B01AD6A7C200AB1276 /* PPOError */ = {
			isa = PBXGroup;
			children = (
				5056A1A71AD68B2B00AB1276 /* PPOError.h */,
				5056A1A91AD6A65900AB1276 /* PPOError.m */,
			);
			name = PPOError;
			sourceTree = "<group>";
		};
		5069F6491ABC7DA30077FB10 = {
			isa = PBXGroup;
			children = (
				5069F6541ABC7DA30077FB10 /* Paypoint */,
				5069F6811ABC7EBA0077FB10 /* PaypointSDK */,
				5069F6901ABC7EBA0077FB10 /* PaypointSDKTests */,
				501C8E771AC03B9D00CBA25A /* PaypointSDKBundle */,
				501D5EFF1ACD49A900E61680 /* Lipo */,
				5069F6531ABC7DA30077FB10 /* Products */,
			);
			sourceTree = "<group>";
		};
		5069F6531ABC7DA30077FB10 /* Products */ = {
			isa = PBXGroup;
			children = (
				5069F6521ABC7DA30077FB10 /* Paypoint.app */,
				5069F6801ABC7EBA0077FB10 /* PaypointSDK.framework */,
				5069F68A1ABC7EBA0077FB10 /* PaypointSDKTests.xctest */,
				501C8E761AC03B9D00CBA25A /* PaypointSDKBundle.bundle */,
			);
			name = Products;
			sourceTree = "<group>";
		};
		5069F6541ABC7DA30077FB10 /* Paypoint */ = {
			isa = PBXGroup;
			children = (
				5069F65F1ABC7DA30077FB10 /* Main.storyboard */,
				500E4F251AE69C8B006C8E79 /* StyleKit */,
				501C8E531AC0185F00CBA25A /* AppDelegate */,
				50AB96DA1AC1D3A200323E05 /* ThirdParty */,
				50CC9B161AD43C4700B97F2E /* Model */,
				500E4F2A1AE69CDA006C8E79 /* View */,
				50CC9B1B1AD43E2900B97F2E /* Managers */,
				507331EF1ADE7A8D00BBDFC2 /* UIKit Extensions */,
				501C8E581AC018F600CBA25A /* ViewControllers */,
				5069F6551ABC7DA30077FB10 /* Supporting Files */,
				506F998E1AE503810077ECC0 /* Frameworks */,
			);
			path = Paypoint;
			sourceTree = "<group>";
		};
		5069F6551ABC7DA30077FB10 /* Supporting Files */ = {
			isa = PBXGroup;
			children = (
				50E257EF1AE150CA0024D179 /* FontAwesome.otf */,
				501DFBFD1AE00A79004C4AE3 /* FOUCONBD.otf */,
				501DFBFE1AE00A79004C4AE3 /* FOUCONDM.otf */,
				501DFBFF1AE00A79004C4AE3 /* FOUCONEB.otf */,
				501DFC001AE00A79004C4AE3 /* FOUCONMD.otf */,
				501DFC011AE00A79004C4AE3 /* FOUCONRG.otf */,
				501DFC021AE00A79004C4AE3 /* FOUCONRI.otf */,
				501DFC031AE00A79004C4AE3 /* FoundConExtBol.ttf */,
				5069F6621ABC7DA30077FB10 /* Images.xcassets */,
				5069F6641ABC7DA30077FB10 /* LaunchScreen.xib */,
				5069F6561ABC7DA30077FB10 /* Info.plist */,
				5069F6571ABC7DA30077FB10 /* main.m */,
			);
			name = "Supporting Files";
			sourceTree = "<group>";
		};
		5069F6811ABC7EBA0077FB10 /* PaypointSDK */ = {
			isa = PBXGroup;
			children = (
				5069F6841ABC7EBA0077FB10 /* PaypointSDK.h */,
				5056A1B01AD6A7C200AB1276 /* PPOError */,
				50AB96CA1AC17C9200323E05 /* ThirdParty */,
				501C8E681AC01D3400CBA25A /* Model */,
				501C8E5F1AC0198B00CBA25A /* ViewControllers */,
				501C8E671AC01D2700CBA25A /* Managers */,
				5069F6821ABC7EBA0077FB10 /* Supporting Files */,
			);
			path = PaypointSDK;
			sourceTree = "<group>";
		};
		5069F6821ABC7EBA0077FB10 /* Supporting Files */ = {
			isa = PBXGroup;
			children = (
				5056A1A51AD68B1400AB1276 /* PPOSDKMacros.h */,
				5069F6831ABC7EBA0077FB10 /* Info.plist */,
			);
			name = "Supporting Files";
			sourceTree = "<group>";
		};
		5069F6901ABC7EBA0077FB10 /* PaypointSDKTests */ = {
			isa = PBXGroup;
			children = (
				5069F6931ABC7EBA0077FB10 /* PaypointSDKTests.m */,
				5069F6911ABC7EBA0077FB10 /* Supporting Files */,
			);
			path = PaypointSDKTests;
			sourceTree = "<group>";
		};
		5069F6911ABC7EBA0077FB10 /* Supporting Files */ = {
			isa = PBXGroup;
			children = (
				5069F6921ABC7EBA0077FB10 /* Info.plist */,
			);
			name = "Supporting Files";
			sourceTree = "<group>";
		};
		506D55B01AE531F000D71180 /* PPOPaymentValidator */ = {
			isa = PBXGroup;
			children = (
				506D55AC1AE531EC00D71180 /* PPOPaymentValidator.h */,
				506D55AD1AE531EC00D71180 /* PPOPaymentValidator.m */,
			);
			name = PPOPaymentValidator;
			sourceTree = "<group>";
		};
		506D55B51AE5326A00D71180 /* PPOPaymentEndpointManager */ = {
			isa = PBXGroup;
			children = (
				506D55B11AE5326700D71180 /* PPOPaymentEndpointManager.h */,
				506D55B21AE5326700D71180 /* PPOPaymentEndpointManager.m */,
			);
			name = PPOPaymentEndpointManager;
			sourceTree = "<group>";
		};
		506D55B61AE5331D00D71180 /* Payments */ = {
			isa = PBXGroup;
			children = (
				50E3E6661AE1127A00DA61E8 /* PPOPaymentBaseURLManager */,
				506D55B51AE5326A00D71180 /* PPOPaymentEndpointManager */,
				506D55B01AE531F000D71180 /* PPOPaymentValidator */,
				50CC9AF91AD41ED800B97F2E /* PPOPaymentManager */,
				506D55BB1AE53AA300D71180 /* PPOPaymentsDispatchManager */,
			);
			name = Payments;
			sourceTree = "<group>";
		};
		506D55BB1AE53AA300D71180 /* PPOPaymentsDispatchManager */ = {
			isa = PBXGroup;
			children = (
				506D55B71AE53AA000D71180 /* PPOPaymentsDispatchManager.h */,
				506D55B81AE53AA000D71180 /* PPOPaymentsDispatchManager.m */,
			);
			name = PPOPaymentsDispatchManager;
			sourceTree = "<group>";
		};
		506F998E1AE503810077ECC0 /* Frameworks */ = {
			isa = PBXGroup;
			children = (
				506F998C1AE5027D0077ECC0 /* SystemConfiguration.framework */,
				506F998A1AE502610077ECC0 /* CoreGraphics.framework */,
				506F99881AE5023A0077ECC0 /* UIKit.framework */,
				506F99861AE502120077ECC0 /* QuartzCore.framework */,
			);
			name = Frameworks;
			path = ..;
			sourceTree = "<group>";
		};
		507331E51ADE697000BBDFC2 /* ColourManager */ = {
			isa = PBXGroup;
			children = (
				507331E21ADE696900BBDFC2 /* ColourManager.h */,
				507331E31ADE696900BBDFC2 /* ColourManager.m */,
			);
			name = ColourManager;
			sourceTree = "<group>";
		};
		507331E91ADE6A7900BBDFC2 /* NavigationViewController */ = {
			isa = PBXGroup;
			children = (
				507331E61ADE6A7600BBDFC2 /* NavigationViewController.h */,
				507331E71ADE6A7600BBDFC2 /* NavigationViewController.m */,
			);
			name = NavigationViewController;
			sourceTree = "<group>";
		};
		507331EE1ADE72EA00BBDFC2 /* PPOPayment */ = {
			isa = PBXGroup;
			children = (
				507331EA1ADE72E700BBDFC2 /* PPOPayment.h */,
				507331EB1ADE72E700BBDFC2 /* PPOPayment.m */,
			);
			name = PPOPayment;
			sourceTree = "<group>";
		};
		507331EF1ADE7A8D00BBDFC2 /* UIKit Extensions */ = {
			isa = PBXGroup;
			children = (
				5056A1A01AD6762100AB1276 /* NSString+strip */,
			);
			name = "UIKit Extensions";
			sourceTree = "<group>";
		};
		507331F71ADE7B2900BBDFC2 /* ImageManager */ = {
			isa = PBXGroup;
			children = (
				507331F41ADE7B1400BBDFC2 /* ImageManager.h */,
				507331F51ADE7B1400BBDFC2 /* ImageManager.m */,
			);
			name = ImageManager;
			sourceTree = "<group>";
		};
		507331FB1ADEB67500BBDFC2 /* EnvironmentManager */ = {
			isa = PBXGroup;
			children = (
				507331F81ADEB67100BBDFC2 /* EnvironmentManager.h */,
				507331F91ADEB67100BBDFC2 /* EnvironmentManager.m */,
			);
			name = EnvironmentManager;
			sourceTree = "<group>";
		};
		507AA7311AD7D79300420DF7 /* PPOOutcome */ = {
			isa = PBXGroup;
			children = (
				507AA72D1AD7D78F00420DF7 /* PPOOutcome.h */,
				507AA72E1AD7D78F00420DF7 /* PPOOutcome.m */,
			);
			name = PPOOutcome;
			sourceTree = "<group>";
		};
		509B588D1ADD477D001236CD /* PPOTimeManager */ = {
			isa = PBXGroup;
			children = (
				509B58891ADD477A001236CD /* PPOTimeManager.h */,
				509B588A1ADD477A001236CD /* PPOTimeManager.m */,
			);
			name = PPOTimeManager;
			sourceTree = "<group>";
		};
		50AB93B91AD551B0005944F5 /* SubmitFormViewController */ = {
			isa = PBXGroup;
			children = (
				50AB93B61AD551AD005944F5 /* SubmitFormViewController.h */,
				50AB93B71AD551AD005944F5 /* SubmitFormViewController.m */,
			);
			name = SubmitFormViewController;
			sourceTree = "<group>";
		};
		50AB93BD1AD55652005944F5 /* MerchantServer */ = {
			isa = PBXGroup;
			children = (
				50AB93BA1AD5564E005944F5 /* MerchantServer.h */,
				50AB93BB1AD5564E005944F5 /* MerchantServer.m */,
			);
			name = MerchantServer;
			sourceTree = "<group>";
		};
		50AB96CA1AC17C9200323E05 /* ThirdParty */ = {
			isa = PBXGroup;
			children = (
				50046ACB1AC2FB0400F23D05 /* PPOLuhn.h */,
				50046ACC1AC2FB0400F23D05 /* PPOLuhn.m */,
				50046ACD1AC2FB0400F23D05 /* PPOLuhnReadMe */,
				50046ACA1AC2FAB500F23D05 /* PPOReachability */,
			);
			name = ThirdParty;
			sourceTree = "<group>";
		};
		50AB96D91AC1D39400323E05 /* Reachability */ = {
			isa = PBXGroup;
			children = (
				50AB96D61AC1D38E00323E05 /* Reachability.h */,
				50AB96D71AC1D38E00323E05 /* Reachability.m */,
			);
			name = Reachability;
			sourceTree = "<group>";
		};
		50AB96DA1AC1D3A200323E05 /* ThirdParty */ = {
			isa = PBXGroup;
			children = (
				50AB96D91AC1D39400323E05 /* Reachability */,
			);
			name = ThirdParty;
			sourceTree = "<group>";
		};
		50CC9AF91AD41ED800B97F2E /* PPOPaymentManager */ = {
			isa = PBXGroup;
			children = (
				50CC9AF51AD41ED300B97F2E /* PPOPaymentManager.h */,
				50CC9AF61AD41ED300B97F2E /* PPOPaymentManager.m */,
			);
			name = PPOPaymentManager;
			sourceTree = "<group>";
		};
		50CC9AFE1AD4238400B97F2E /* PPOCreditCard */ = {
			isa = PBXGroup;
			children = (
				50CC9AFA1AD4237F00B97F2E /* PPOCreditCard.h */,
				50CC9AFB1AD4237F00B97F2E /* PPOCreditCard.m */,
			);
			name = PPOCreditCard;
			sourceTree = "<group>";
		};
		50CC9B031AD4289700B97F2E /* PPOCredentials */ = {
			isa = PBXGroup;
			children = (
				50CC9AFF1AD4289300B97F2E /* PPOCredentials.h */,
				50CC9B001AD4289300B97F2E /* PPOCredentials.m */,
			);
			name = PPOCredentials;
			sourceTree = "<group>";
		};
		50CC9B081AD42B7900B97F2E /* PPOTransaction */ = {
			isa = PBXGroup;
			children = (
				50CC9B041AD42B7500B97F2E /* PPOTransaction.h */,
				50CC9B051AD42B7500B97F2E /* PPOTransaction.m */,
			);
			name = PPOTransaction;
			sourceTree = "<group>";
		};
		50CC9B0D1AD42CEB00B97F2E /* PPOBillingAddress */ = {
			isa = PBXGroup;
			children = (
				50CC9B091AD42CE800B97F2E /* PPOBillingAddress.h */,
				50CC9B0A1AD42CE800B97F2E /* PPOBillingAddress.m */,
			);
			name = PPOBillingAddress;
			sourceTree = "<group>";
		};
		50CC9B111AD43B7A00B97F2E /* FormViewController */ = {
			isa = PBXGroup;
			children = (
				50CC9B0E1AD43B7600B97F2E /* FormViewController.h */,
				50CC9B0F1AD43B7600B97F2E /* FormViewController.m */,
			);
			name = FormViewController;
			sourceTree = "<group>";
		};
		50CC9B151AD43C4200B97F2E /* FormDetails */ = {
			isa = PBXGroup;
			children = (
				50CC9B121AD43C3E00B97F2E /* FormDetails.h */,
				50CC9B131AD43C3E00B97F2E /* FormDetails.m */,
			);
			name = FormDetails;
			sourceTree = "<group>";
		};
		50CC9B161AD43C4700B97F2E /* Model */ = {
			isa = PBXGroup;
			children = (
				50CC9B151AD43C4200B97F2E /* FormDetails */,
			);
			name = Model;
			sourceTree = "<group>";
		};
		50CC9B1A1AD43E2500B97F2E /* TimeManager */ = {
			isa = PBXGroup;
			children = (
				50CC9B171AD43E2200B97F2E /* TimeManager.h */,
				50CC9B181AD43E2200B97F2E /* TimeManager.m */,
			);
			name = TimeManager;
			sourceTree = "<group>";
		};
		50CC9B1B1AD43E2900B97F2E /* Managers */ = {
			isa = PBXGroup;
			children = (
				50CC9B1A1AD43E2500B97F2E /* TimeManager */,
				50AB93BD1AD55652005944F5 /* MerchantServer */,
				507331E51ADE697000BBDFC2 /* ColourManager */,
				507331F71ADE7B2900BBDFC2 /* ImageManager */,
				507331FB1ADEB67500BBDFC2 /* EnvironmentManager */,
				50E257F41AE153510024D179 /* ButtonStyler */,
			);
			name = Managers;
			sourceTree = "<group>";
		};
		50E257EE1AE1491E0024D179 /* OutcomeViewController */ = {
			isa = PBXGroup;
			children = (
				50E257EB1AE148E20024D179 /* OutcomeViewController.h */,
				50E257EC1AE148E20024D179 /* OutcomeViewController.m */,
			);
			name = OutcomeViewController;
			sourceTree = "<group>";
		};
		50E257F41AE153510024D179 /* ButtonStyler */ = {
			isa = PBXGroup;
			children = (
				50E257F11AE153310024D179 /* ButtonStyler.h */,
				50E257F21AE153310024D179 /* ButtonStyler.m */,
			);
			name = ButtonStyler;
			sourceTree = "<group>";
		};
		50E3E6661AE1127A00DA61E8 /* PPOPaymentBaseURLManager */ = {
			isa = PBXGroup;
			children = (
				50E3E6621AE1127700DA61E8 /* PPOPaymentBaseURLManager.h */,
				50E3E6631AE1127700DA61E8 /* PPOPaymentBaseURLManager.m */,
			);
			name = PPOPaymentBaseURLManager;
			sourceTree = "<group>";
		};
/* End PBXGroup section */

/* Begin PBXHeadersBuildPhase section */
		5069F67D1ABC7EBA0077FB10 /* Headers */ = {
			isa = PBXHeadersBuildPhase;
			buildActionMask = 2147483647;
			files = (
				5056A1AD1AD6A75200AB1276 /* PPOErrorManager.h in Headers */,
				506D55AE1AE531EC00D71180 /* PPOPaymentValidator.h in Headers */,
				501B7CBF1AC40B3000F44193 /* PPOWebViewController.h in Headers */,
				506D55B31AE5326700D71180 /* PPOPaymentEndpointManager.h in Headers */,
				50CC9AF71AD41ED300B97F2E /* PPOPaymentManager.h in Headers */,
				50E3E6641AE1127700DA61E8 /* PPOPaymentBaseURLManager.h in Headers */,
				507AA72F1AD7D78F00420DF7 /* PPOOutcome.h in Headers */,
				50CC9B0B1AD42CE800B97F2E /* PPOBillingAddress.h in Headers */,
				50CC9B011AD4289300B97F2E /* PPOCredentials.h in Headers */,
				506D55B91AE53AA000D71180 /* PPOPaymentsDispatchManager.h in Headers */,
				5069F6851ABC7EBA0077FB10 /* PaypointSDK.h in Headers */,
				5056A1A81AD68B2B00AB1276 /* PPOError.h in Headers */,
				50046ACE1AC2FB0400F23D05 /* PPOLuhn.h in Headers */,
				50046AC81AC2FAB000F23D05 /* PPOReachability.h in Headers */,
				50CC9B061AD42B7500B97F2E /* PPOTransaction.h in Headers */,
				50CC9AFC1AD4237F00B97F2E /* PPOCreditCard.h in Headers */,
				5056A1A61AD68B1400AB1276 /* PPOSDKMacros.h in Headers */,
				509B588B1ADD477A001236CD /* PPOTimeManager.h in Headers */,
				507331EC1ADE72E700BBDFC2 /* PPOPayment.h in Headers */,
			);
			runOnlyForDeploymentPostprocessing = 0;
		};
/* End PBXHeadersBuildPhase section */

/* Begin PBXNativeTarget section */
		501C8E751AC03B9D00CBA25A /* PaypointSDKBundle */ = {
			isa = PBXNativeTarget;
			buildConfigurationList = 501C8E7A1AC03B9D00CBA25A /* Build configuration list for PBXNativeTarget "PaypointSDKBundle" */;
			buildPhases = (
				501C8E721AC03B9D00CBA25A /* Sources */,
				501C8E731AC03B9D00CBA25A /* Frameworks */,
				501C8E741AC03B9D00CBA25A /* Resources */,
			);
			buildRules = (
			);
			dependencies = (
			);
			name = PaypointSDKBundle;
			productName = PaypointSDKBundle;
			productReference = 501C8E761AC03B9D00CBA25A /* PaypointSDKBundle.bundle */;
			productType = "com.apple.product-type.bundle";
		};
		5069F6511ABC7DA30077FB10 /* Paypoint */ = {
			isa = PBXNativeTarget;
			buildConfigurationList = 5069F6751ABC7DA30077FB10 /* Build configuration list for PBXNativeTarget "Paypoint" */;
			buildPhases = (
				5069F64E1ABC7DA30077FB10 /* Sources */,
				5069F64F1ABC7DA30077FB10 /* Frameworks */,
				5069F6501ABC7DA30077FB10 /* Resources */,
				50E3E66B1AE1332700DA61E8 /* Embed Frameworks */,
			);
			buildRules = (
			);
			dependencies = (
				505754921AD802BC007D7970 /* PBXTargetDependency */,
			);
			name = Paypoint;
			productName = Paypoint;
			productReference = 5069F6521ABC7DA30077FB10 /* Paypoint.app */;
			productType = "com.apple.product-type.application";
		};
		5069F67F1ABC7EBA0077FB10 /* PaypointSDK */ = {
			isa = PBXNativeTarget;
			buildConfigurationList = 5069F69D1ABC7EBA0077FB10 /* Build configuration list for PBXNativeTarget "PaypointSDK" */;
			buildPhases = (
				5069F67B1ABC7EBA0077FB10 /* Sources */,
				5069F67C1ABC7EBA0077FB10 /* Frameworks */,
				5069F67D1ABC7EBA0077FB10 /* Headers */,
				5069F67E1ABC7EBA0077FB10 /* Resources */,
			);
			buildRules = (
			);
			dependencies = (
				501C8E851AC03D7100CBA25A /* PBXTargetDependency */,
			);
			name = PaypointSDK;
			productName = PaypointSDK;
			productReference = 5069F6801ABC7EBA0077FB10 /* PaypointSDK.framework */;
			productType = "com.apple.product-type.framework";
		};
		5069F6891ABC7EBA0077FB10 /* PaypointSDKTests */ = {
			isa = PBXNativeTarget;
			buildConfigurationList = 5069F69F1ABC7EBA0077FB10 /* Build configuration list for PBXNativeTarget "PaypointSDKTests" */;
			buildPhases = (
				5069F6861ABC7EBA0077FB10 /* Sources */,
				5069F6871ABC7EBA0077FB10 /* Frameworks */,
				5069F6881ABC7EBA0077FB10 /* Resources */,
			);
			buildRules = (
			);
			dependencies = (
				5057549A1AD803A0007D7970 /* PBXTargetDependency */,
			);
			name = PaypointSDKTests;
			productName = PaypointSDKTests;
			productReference = 5069F68A1ABC7EBA0077FB10 /* PaypointSDKTests.xctest */;
			productType = "com.apple.product-type.bundle.unit-test";
		};
/* End PBXNativeTarget section */

/* Begin PBXProject section */
		5069F64A1ABC7DA30077FB10 /* Project object */ = {
			isa = PBXProject;
			attributes = {
				CLASSPREFIX = PPO;
				LastUpgradeCheck = 0620;
				ORGANIZATIONNAME = Paypoint;
				TargetAttributes = {
					501C8E751AC03B9D00CBA25A = {
						CreatedOnToolsVersion = 6.2;
					};
					501D5EEF1ACD3C9900E61680 = {
						CreatedOnToolsVersion = 6.2;
					};
					5069F6511ABC7DA30077FB10 = {
						CreatedOnToolsVersion = 6.2;
					};
					5069F67F1ABC7EBA0077FB10 = {
						CreatedOnToolsVersion = 6.2;
					};
					5069F6891ABC7EBA0077FB10 = {
						CreatedOnToolsVersion = 6.2;
					};
				};
			};
			buildConfigurationList = 5069F64D1ABC7DA30077FB10 /* Build configuration list for PBXProject "Paypoint" */;
			compatibilityVersion = "Xcode 3.2";
			developmentRegion = English;
			hasScannedForEncodings = 0;
			knownRegions = (
				en,
				Base,
			);
			mainGroup = 5069F6491ABC7DA30077FB10;
			productRefGroup = 5069F6531ABC7DA30077FB10 /* Products */;
			projectDirPath = "";
			projectRoot = "";
			targets = (
				5069F6511ABC7DA30077FB10 /* Paypoint */,
				5069F67F1ABC7EBA0077FB10 /* PaypointSDK */,
				5069F6891ABC7EBA0077FB10 /* PaypointSDKTests */,
				501C8E751AC03B9D00CBA25A /* PaypointSDKBundle */,
				501D5EEF1ACD3C9900E61680 /* Lipo */,
			);
		};
/* End PBXProject section */

/* Begin PBXResourcesBuildPhase section */
		501C8E741AC03B9D00CBA25A /* Resources */ = {
			isa = PBXResourcesBuildPhase;
			buildActionMask = 2147483647;
			files = (
				501B7CC31AC40B5600F44193 /* PPOWebViewController.xib in Resources */,
			);
			runOnlyForDeploymentPostprocessing = 0;
		};
		5069F6501ABC7DA30077FB10 /* Resources */ = {
			isa = PBXResourcesBuildPhase;
			buildActionMask = 2147483647;
			files = (
				5069F6611ABC7DA30077FB10 /* Main.storyboard in Resources */,
				50E257F01AE150CA0024D179 /* FontAwesome.otf in Resources */,
				501DFC061AE00A79004C4AE3 /* FOUCONEB.otf in Resources */,
				501DFC0A1AE00A79004C4AE3 /* FoundConExtBol.ttf in Resources */,
				501DFC041AE00A79004C4AE3 /* FOUCONBD.otf in Resources */,
				5069F6661ABC7DA30077FB10 /* LaunchScreen.xib in Resources */,
				501DFC081AE00A79004C4AE3 /* FOUCONRG.otf in Resources */,
				5069F6631ABC7DA30077FB10 /* Images.xcassets in Resources */,
				501DFC091AE00A79004C4AE3 /* FOUCONRI.otf in Resources */,
				501DFC051AE00A79004C4AE3 /* FOUCONDM.otf in Resources */,
				501DFC071AE00A79004C4AE3 /* FOUCONMD.otf in Resources */,
			);
			runOnlyForDeploymentPostprocessing = 0;
		};
		5069F67E1ABC7EBA0077FB10 /* Resources */ = {
			isa = PBXResourcesBuildPhase;
			buildActionMask = 2147483647;
			files = (
				50046AD01AC2FB0400F23D05 /* PPOLuhnReadMe in Resources */,
				501C8E871AC03F7000CBA25A /* PaypointSDKBundle.bundle in Resources */,
			);
			runOnlyForDeploymentPostprocessing = 0;
		};
		5069F6881ABC7EBA0077FB10 /* Resources */ = {
			isa = PBXResourcesBuildPhase;
			buildActionMask = 2147483647;
			files = (
			);
			runOnlyForDeploymentPostprocessing = 0;
		};
/* End PBXResourcesBuildPhase section */

/* Begin PBXShellScriptBuildPhase section */
		501D5EF31ACD3CA300E61680 /* ShellScript */ = {
			isa = PBXShellScriptBuildPhase;
			buildActionMask = 2147483647;
			files = (
			);
			inputPaths = (
			);
			outputPaths = (
			);
			runOnlyForDeploymentPostprocessing = 0;
			shellPath = /bin/sh;
			shellScript = "${PROJECT_DIR}/Lipo/UniversalFramework.sh";
		};
/* End PBXShellScriptBuildPhase section */

/* Begin PBXSourcesBuildPhase section */
		501C8E721AC03B9D00CBA25A /* Sources */ = {
			isa = PBXSourcesBuildPhase;
			buildActionMask = 2147483647;
			files = (
			);
			runOnlyForDeploymentPostprocessing = 0;
		};
		5069F64E1ABC7DA30077FB10 /* Sources */ = {
			isa = PBXSourcesBuildPhase;
			buildActionMask = 2147483647;
			files = (
				50AB93BC1AD5564E005944F5 /* MerchantServer.m in Sources */,
				50CC9B141AD43C3E00B97F2E /* FormDetails.m in Sources */,
				5069F65B1ABC7DA30077FB10 /* AppDelegate.m in Sources */,
				507331F61ADE7B1400BBDFC2 /* ImageManager.m in Sources */,
				507331FA1ADEB67100BBDFC2 /* EnvironmentManager.m in Sources */,
				5069F6581ABC7DA30077FB10 /* main.m in Sources */,
				5056A19F1AD6761D00AB1276 /* NSString+strip.m in Sources */,
				50E257F31AE153310024D179 /* ButtonStyler.m in Sources */,
				50AB96D81AC1D38E00323E05 /* Reachability.m in Sources */,
				50AB93B81AD551AD005944F5 /* SubmitFormViewController.m in Sources */,
				507331E41ADE696900BBDFC2 /* ColourManager.m in Sources */,
				50CC9B191AD43E2200B97F2E /* TimeManager.m in Sources */,
				500E4F281AE69CD3006C8E79 /* FeedbackBubble.m in Sources */,
				50CC9B101AD43B7600B97F2E /* FormViewController.m in Sources */,
				500E4F241AE69C84006C8E79 /* StyleKit.m in Sources */,
				501DFBFB1ADFF156004C4AE3 /* WelcomeViewController.m in Sources */,
				50E257ED1AE148E20024D179 /* OutcomeViewController.m in Sources */,
				507331E81ADE6A7600BBDFC2 /* NavigationViewController.m in Sources */,
			);
			runOnlyForDeploymentPostprocessing = 0;
		};
		5069F67B1ABC7EBA0077FB10 /* Sources */ = {
			isa = PBXSourcesBuildPhase;
			buildActionMask = 2147483647;
			files = (
				506D55BA1AE53AA000D71180 /* PPOPaymentsDispatchManager.m in Sources */,
				50046ACF1AC2FB0400F23D05 /* PPOLuhn.m in Sources */,
				50CC9AFD1AD4237F00B97F2E /* PPOCreditCard.m in Sources */,
				507331ED1ADE72E700BBDFC2 /* PPOPayment.m in Sources */,
				50CC9B0C1AD42CE800B97F2E /* PPOBillingAddress.m in Sources */,
				50CC9B071AD42B7500B97F2E /* PPOTransaction.m in Sources */,
				506D55AF1AE531EC00D71180 /* PPOPaymentValidator.m in Sources */,
				509B588C1ADD477A001236CD /* PPOTimeManager.m in Sources */,
				5056A1AE1AD6A75200AB1276 /* PPOErrorManager.m in Sources */,
				5056A1AA1AD6A65900AB1276 /* PPOError.m in Sources */,
				507AA7301AD7D78F00420DF7 /* PPOOutcome.m in Sources */,
				506D55B41AE5326700D71180 /* PPOPaymentEndpointManager.m in Sources */,
				50046AC91AC2FAB000F23D05 /* PPOReachability.m in Sources */,
				50E3E6651AE1127700DA61E8 /* PPOPaymentBaseURLManager.m in Sources */,
				50CC9B021AD4289300B97F2E /* PPOCredentials.m in Sources */,
				501B7CC01AC40B3000F44193 /* PPOWebViewController.m in Sources */,
				50CC9AF81AD41ED300B97F2E /* PPOPaymentManager.m in Sources */,
			);
			runOnlyForDeploymentPostprocessing = 0;
		};
		5069F6861ABC7EBA0077FB10 /* Sources */ = {
			isa = PBXSourcesBuildPhase;
			buildActionMask = 2147483647;
			files = (
				507F54D01ADBBDBB004BF798 /* MerchantServer.m in Sources */,
				5069F6941ABC7EBA0077FB10 /* PaypointSDKTests.m in Sources */,
				507332011ADEB9C700BBDFC2 /* EnvironmentManager.m in Sources */,
			);
			runOnlyForDeploymentPostprocessing = 0;
		};
/* End PBXSourcesBuildPhase section */

/* Begin PBXTargetDependency section */
		501C8E851AC03D7100CBA25A /* PBXTargetDependency */ = {
			isa = PBXTargetDependency;
			target = 501C8E751AC03B9D00CBA25A /* PaypointSDKBundle */;
			targetProxy = 501C8E841AC03D7100CBA25A /* PBXContainerItemProxy */;
		};
		501D5EF51ACD3CB600E61680 /* PBXTargetDependency */ = {
			isa = PBXTargetDependency;
			target = 5069F67F1ABC7EBA0077FB10 /* PaypointSDK */;
			targetProxy = 501D5EF41ACD3CB600E61680 /* PBXContainerItemProxy */;
		};
		505754921AD802BC007D7970 /* PBXTargetDependency */ = {
			isa = PBXTargetDependency;
			target = 501D5EEF1ACD3C9900E61680 /* Lipo */;
			targetProxy = 505754911AD802BC007D7970 /* PBXContainerItemProxy */;
		};
		5057549A1AD803A0007D7970 /* PBXTargetDependency */ = {
			isa = PBXTargetDependency;
			target = 501D5EEF1ACD3C9900E61680 /* Lipo */;
			targetProxy = 505754991AD803A0007D7970 /* PBXContainerItemProxy */;
		};
/* End PBXTargetDependency section */

/* Begin PBXVariantGroup section */
		5069F65F1ABC7DA30077FB10 /* Main.storyboard */ = {
			isa = PBXVariantGroup;
			children = (
				5069F6601ABC7DA30077FB10 /* Base */,
			);
			name = Main.storyboard;
			sourceTree = "<group>";
		};
		5069F6641ABC7DA30077FB10 /* LaunchScreen.xib */ = {
			isa = PBXVariantGroup;
			children = (
				5069F6651ABC7DA30077FB10 /* Base */,
			);
			name = LaunchScreen.xib;
			sourceTree = "<group>";
		};
/* End PBXVariantGroup section */

/* Begin XCBuildConfiguration section */
		501C8E7B1AC03B9D00CBA25A /* Debug */ = {
			isa = XCBuildConfiguration;
			buildSettings = {
				COMBINE_HIDPI_IMAGES = NO;
				GCC_PREPROCESSOR_DEFINITIONS = (
					"DEBUG=1",
					"$(inherited)",
				);
				INFOPLIST_FILE = PaypointSDKBundle/Info.plist;
				INSTALL_PATH = "$(LOCAL_LIBRARY_DIR)/Bundles";
				MACOSX_DEPLOYMENT_TARGET = 10.10;
				PRODUCT_NAME = "$(TARGET_NAME)";
				SDKROOT = iphoneos;
				SKIP_INSTALL = YES;
				SUPPORTED_PLATFORMS = "iphonesimulator iphoneos";
				VALID_ARCHS = "i386 x86_64 armv7 armv7s arm64";
				WRAPPER_EXTENSION = bundle;
			};
			name = Debug;
		};
		501C8E7C1AC03B9D00CBA25A /* Release */ = {
			isa = XCBuildConfiguration;
			buildSettings = {
				COMBINE_HIDPI_IMAGES = NO;
				DEBUG_INFORMATION_FORMAT = "dwarf-with-dsym";
				INFOPLIST_FILE = PaypointSDKBundle/Info.plist;
				INSTALL_PATH = "$(LOCAL_LIBRARY_DIR)/Bundles";
				MACOSX_DEPLOYMENT_TARGET = 10.10;
				PRODUCT_NAME = "$(TARGET_NAME)";
				SDKROOT = iphoneos;
				SKIP_INSTALL = YES;
				SUPPORTED_PLATFORMS = "iphonesimulator iphoneos";
				VALID_ARCHS = "i386 x86_64 armv7 armv7s arm64";
				WRAPPER_EXTENSION = bundle;
			};
			name = Release;
		};
		501D5EF11ACD3C9900E61680 /* Debug */ = {
			isa = XCBuildConfiguration;
			buildSettings = {
				PRODUCT_NAME = "$(TARGET_NAME)";
			};
			name = Debug;
		};
		501D5EF21ACD3C9900E61680 /* Release */ = {
			isa = XCBuildConfiguration;
			buildSettings = {
				PRODUCT_NAME = "$(TARGET_NAME)";
			};
			name = Release;
		};
		5069F6731ABC7DA30077FB10 /* Debug */ = {
			isa = XCBuildConfiguration;
			buildSettings = {
				ALWAYS_SEARCH_USER_PATHS = NO;
				CLANG_CXX_LANGUAGE_STANDARD = "gnu++0x";
				CLANG_CXX_LIBRARY = "libc++";
				CLANG_ENABLE_MODULES = YES;
				CLANG_ENABLE_OBJC_ARC = YES;
				CLANG_WARN_BOOL_CONVERSION = YES;
				CLANG_WARN_CONSTANT_CONVERSION = YES;
				CLANG_WARN_DIRECT_OBJC_ISA_USAGE = YES_ERROR;
				CLANG_WARN_EMPTY_BODY = YES;
				CLANG_WARN_ENUM_CONVERSION = YES;
				CLANG_WARN_INT_CONVERSION = YES;
				CLANG_WARN_OBJC_ROOT_CLASS = YES_ERROR;
				CLANG_WARN_UNREACHABLE_CODE = YES;
				CLANG_WARN__DUPLICATE_METHOD_MATCH = YES;
				"CODE_SIGN_IDENTITY[sdk=iphoneos*]" = "iPhone Developer";
				COPY_PHASE_STRIP = NO;
				ENABLE_STRICT_OBJC_MSGSEND = YES;
				GCC_C_LANGUAGE_STANDARD = gnu99;
				GCC_DYNAMIC_NO_PIC = NO;
				GCC_OPTIMIZATION_LEVEL = 0;
				GCC_PREPROCESSOR_DEFINITIONS = (
					"DEBUG=1",
					"$(inherited)",
				);
				GCC_SYMBOLS_PRIVATE_EXTERN = NO;
				GCC_WARN_64_TO_32_BIT_CONVERSION = YES;
				GCC_WARN_ABOUT_RETURN_TYPE = YES_ERROR;
				GCC_WARN_UNDECLARED_SELECTOR = YES;
				GCC_WARN_UNINITIALIZED_AUTOS = YES_AGGRESSIVE;
				GCC_WARN_UNUSED_FUNCTION = YES;
				GCC_WARN_UNUSED_VARIABLE = YES;
				IPHONEOS_DEPLOYMENT_TARGET = 8.2;
				MTL_ENABLE_DEBUG_INFO = YES;
				ONLY_ACTIVE_ARCH = YES;
				SDKROOT = iphoneos;
			};
			name = Debug;
		};
		5069F6741ABC7DA30077FB10 /* Release */ = {
			isa = XCBuildConfiguration;
			buildSettings = {
				ALWAYS_SEARCH_USER_PATHS = NO;
				CLANG_CXX_LANGUAGE_STANDARD = "gnu++0x";
				CLANG_CXX_LIBRARY = "libc++";
				CLANG_ENABLE_MODULES = YES;
				CLANG_ENABLE_OBJC_ARC = YES;
				CLANG_WARN_BOOL_CONVERSION = YES;
				CLANG_WARN_CONSTANT_CONVERSION = YES;
				CLANG_WARN_DIRECT_OBJC_ISA_USAGE = YES_ERROR;
				CLANG_WARN_EMPTY_BODY = YES;
				CLANG_WARN_ENUM_CONVERSION = YES;
				CLANG_WARN_INT_CONVERSION = YES;
				CLANG_WARN_OBJC_ROOT_CLASS = YES_ERROR;
				CLANG_WARN_UNREACHABLE_CODE = YES;
				CLANG_WARN__DUPLICATE_METHOD_MATCH = YES;
				"CODE_SIGN_IDENTITY[sdk=iphoneos*]" = "iPhone Developer";
				COPY_PHASE_STRIP = NO;
				ENABLE_NS_ASSERTIONS = NO;
				ENABLE_STRICT_OBJC_MSGSEND = YES;
				GCC_C_LANGUAGE_STANDARD = gnu99;
				GCC_WARN_64_TO_32_BIT_CONVERSION = YES;
				GCC_WARN_ABOUT_RETURN_TYPE = YES_ERROR;
				GCC_WARN_UNDECLARED_SELECTOR = YES;
				GCC_WARN_UNINITIALIZED_AUTOS = YES_AGGRESSIVE;
				GCC_WARN_UNUSED_FUNCTION = YES;
				GCC_WARN_UNUSED_VARIABLE = YES;
				IPHONEOS_DEPLOYMENT_TARGET = 8.2;
				MTL_ENABLE_DEBUG_INFO = NO;
				SDKROOT = iphoneos;
				VALIDATE_PRODUCT = YES;
			};
			name = Release;
		};
		5069F6761ABC7DA30077FB10 /* Debug */ = {
			isa = XCBuildConfiguration;
			buildSettings = {
				ASSETCATALOG_COMPILER_APPICON_NAME = AppIcon;
				CLANG_MODULES_AUTOLINK = NO;
				CLANG_WARN_ASSIGN_ENUM = YES;
				CLANG_WARN_DEPRECATED_OBJC_IMPLEMENTATIONS = YES;
				CLANG_WARN_OBJC_EXPLICIT_OWNERSHIP_TYPE = NO;
				CLANG_WARN_OBJC_IMPLICIT_RETAIN_SELF = YES;
				CLANG_WARN_OBJC_RECEIVER_WEAK = NO;
				CLANG_WARN_OBJC_REPEATED_USE_OF_WEAK = NO;
				FRAMEWORK_SEARCH_PATHS = (
					"$(inherited)",
					"$(USER_LIBRARY_DIR)/Developer/Xcode/DerivedData/Paypoint-gifbtkqozancshggkwopxjdhfqrw/Build/Products/Debug-universal",
					"$(PROJECT_DIR)/Lipo",
				);
				GCC_WARN_INITIALIZER_NOT_FULLY_BRACKETED = YES;
				INFOPLIST_FILE = Paypoint/Info.plist;
				IPHONEOS_DEPLOYMENT_TARGET = 8.0;
				LD_RUNPATH_SEARCH_PATHS = "$(inherited) @executable_path/Frameworks";
				PRODUCT_NAME = "$(TARGET_NAME)";
			};
			name = Debug;
		};
		5069F6771ABC7DA30077FB10 /* Release */ = {
			isa = XCBuildConfiguration;
			buildSettings = {
				ASSETCATALOG_COMPILER_APPICON_NAME = AppIcon;
				CLANG_MODULES_AUTOLINK = NO;
				CLANG_WARN_ASSIGN_ENUM = YES;
				CLANG_WARN_DEPRECATED_OBJC_IMPLEMENTATIONS = YES;
				CLANG_WARN_OBJC_EXPLICIT_OWNERSHIP_TYPE = NO;
				CLANG_WARN_OBJC_IMPLICIT_RETAIN_SELF = YES;
				CLANG_WARN_OBJC_RECEIVER_WEAK = NO;
				CLANG_WARN_OBJC_REPEATED_USE_OF_WEAK = NO;
				FRAMEWORK_SEARCH_PATHS = (
					"$(inherited)",
					"$(USER_LIBRARY_DIR)/Developer/Xcode/DerivedData/Paypoint-gifbtkqozancshggkwopxjdhfqrw/Build/Products/Debug-universal",
					"$(PROJECT_DIR)/Lipo",
				);
				GCC_WARN_INITIALIZER_NOT_FULLY_BRACKETED = YES;
				INFOPLIST_FILE = Paypoint/Info.plist;
				IPHONEOS_DEPLOYMENT_TARGET = 8.0;
				LD_RUNPATH_SEARCH_PATHS = "$(inherited) @executable_path/Frameworks";
				PRODUCT_NAME = "$(TARGET_NAME)";
			};
			name = Release;
		};
		5069F6991ABC7EBA0077FB10 /* Debug */ = {
			isa = XCBuildConfiguration;
			buildSettings = {
				CURRENT_PROJECT_VERSION = 1;
				DEFINES_MODULE = YES;
				DYLIB_COMPATIBILITY_VERSION = 1;
				DYLIB_CURRENT_VERSION = 1;
				DYLIB_INSTALL_NAME_BASE = "@rpath";
				GCC_PREPROCESSOR_DEFINITIONS = (
					"DEBUG=1",
					"$(inherited)",
				);
				INFOPLIST_FILE = PaypointSDK/Info.plist;
				INSTALL_PATH = "$(LOCAL_LIBRARY_DIR)/Frameworks";
				IPHONEOS_DEPLOYMENT_TARGET = 8.0;
				LD_RUNPATH_SEARCH_PATHS = "$(inherited) @executable_path/Frameworks @loader_path/Frameworks";
				PRODUCT_NAME = "$(TARGET_NAME)";
				SKIP_INSTALL = YES;
				TARGETED_DEVICE_FAMILY = "1,2";
				VERSIONING_SYSTEM = "apple-generic";
				VERSION_INFO_PREFIX = "";
			};
			name = Debug;
		};
		5069F69A1ABC7EBA0077FB10 /* Release */ = {
			isa = XCBuildConfiguration;
			buildSettings = {
				CURRENT_PROJECT_VERSION = 1;
				DEFINES_MODULE = YES;
				DYLIB_COMPATIBILITY_VERSION = 1;
				DYLIB_CURRENT_VERSION = 1;
				DYLIB_INSTALL_NAME_BASE = "@rpath";
				INFOPLIST_FILE = PaypointSDK/Info.plist;
				INSTALL_PATH = "$(LOCAL_LIBRARY_DIR)/Frameworks";
				IPHONEOS_DEPLOYMENT_TARGET = 8.0;
				LD_RUNPATH_SEARCH_PATHS = "$(inherited) @executable_path/Frameworks @loader_path/Frameworks";
				PRODUCT_NAME = "$(TARGET_NAME)";
				SKIP_INSTALL = YES;
				TARGETED_DEVICE_FAMILY = "1,2";
				VERSIONING_SYSTEM = "apple-generic";
				VERSION_INFO_PREFIX = "";
			};
			name = Release;
		};
		5069F69B1ABC7EBA0077FB10 /* Debug */ = {
			isa = XCBuildConfiguration;
			buildSettings = {
				FRAMEWORK_SEARCH_PATHS = (
					"$(SDKROOT)/Developer/Library/Frameworks",
					"$(inherited)",
					"$(USER_LIBRARY_DIR)/Developer/Xcode/DerivedData/Paypoint-gifbtkqozancshggkwopxjdhfqrw/Build/Products/Debug-universal",
				);
				GCC_PREPROCESSOR_DEFINITIONS = (
					"DEBUG=1",
					"$(inherited)",
				);
				INFOPLIST_FILE = PaypointSDKTests/Info.plist;
				LD_RUNPATH_SEARCH_PATHS = "$(inherited) @executable_path/Frameworks @loader_path/Frameworks";
				PRODUCT_NAME = "$(TARGET_NAME)";
			};
			name = Debug;
		};
		5069F69C1ABC7EBA0077FB10 /* Release */ = {
			isa = XCBuildConfiguration;
			buildSettings = {
				FRAMEWORK_SEARCH_PATHS = (
					"$(SDKROOT)/Developer/Library/Frameworks",
					"$(inherited)",
					"$(USER_LIBRARY_DIR)/Developer/Xcode/DerivedData/Paypoint-gifbtkqozancshggkwopxjdhfqrw/Build/Products/Debug-universal",
				);
				INFOPLIST_FILE = PaypointSDKTests/Info.plist;
				LD_RUNPATH_SEARCH_PATHS = "$(inherited) @executable_path/Frameworks @loader_path/Frameworks";
				PRODUCT_NAME = "$(TARGET_NAME)";
			};
			name = Release;
		};
/* End XCBuildConfiguration section */

/* Begin XCConfigurationList section */
		501C8E7A1AC03B9D00CBA25A /* Build configuration list for PBXNativeTarget "PaypointSDKBundle" */ = {
			isa = XCConfigurationList;
			buildConfigurations = (
				501C8E7B1AC03B9D00CBA25A /* Debug */,
				501C8E7C1AC03B9D00CBA25A /* Release */,
			);
			defaultConfigurationIsVisible = 0;
			defaultConfigurationName = Release;
		};
		501D5EF01ACD3C9900E61680 /* Build configuration list for PBXAggregateTarget "Lipo" */ = {
			isa = XCConfigurationList;
			buildConfigurations = (
				501D5EF11ACD3C9900E61680 /* Debug */,
				501D5EF21ACD3C9900E61680 /* Release */,
			);
			defaultConfigurationIsVisible = 0;
			defaultConfigurationName = Release;
		};
		5069F64D1ABC7DA30077FB10 /* Build configuration list for PBXProject "Paypoint" */ = {
			isa = XCConfigurationList;
			buildConfigurations = (
				5069F6731ABC7DA30077FB10 /* Debug */,
				5069F6741ABC7DA30077FB10 /* Release */,
			);
			defaultConfigurationIsVisible = 0;
			defaultConfigurationName = Release;
		};
		5069F6751ABC7DA30077FB10 /* Build configuration list for PBXNativeTarget "Paypoint" */ = {
			isa = XCConfigurationList;
			buildConfigurations = (
				5069F6761ABC7DA30077FB10 /* Debug */,
				5069F6771ABC7DA30077FB10 /* Release */,
			);
			defaultConfigurationIsVisible = 0;
			defaultConfigurationName = Release;
		};
		5069F69D1ABC7EBA0077FB10 /* Build configuration list for PBXNativeTarget "PaypointSDK" */ = {
			isa = XCConfigurationList;
			buildConfigurations = (
				5069F6991ABC7EBA0077FB10 /* Debug */,
				5069F69A1ABC7EBA0077FB10 /* Release */,
			);
			defaultConfigurationIsVisible = 0;
			defaultConfigurationName = Release;
		};
		5069F69F1ABC7EBA0077FB10 /* Build configuration list for PBXNativeTarget "PaypointSDKTests" */ = {
			isa = XCConfigurationList;
			buildConfigurations = (
				5069F69B1ABC7EBA0077FB10 /* Debug */,
				5069F69C1ABC7EBA0077FB10 /* Release */,
			);
			defaultConfigurationIsVisible = 0;
			defaultConfigurationName = Release;
		};
/* End XCConfigurationList section */
	};
	rootObject = 5069F64A1ABC7DA30077FB10 /* Project object */;
}
